{
	"_OFProjectGeneratorVersion": "0.82.0",
	"archiveVersion": "1",
	"classes": {},
	"objectVersion": "70",
	"objects": {
		"00102508-7F15-4A61-A8C8-D3B9010D516E": {
			"fileRef": "54DE1A48-FEA0-4C7A-981B-D86741651306",
			"isa": "PBXBuildFile"
		},
		"037A58C72CD6B54100CF8AC1": {
			"explicitFileTypes": {},
			"explicitFolders": [],
			"isa": "PBXFileSystemSynchronizedRootGroup",
			"path": "src",
			"sourceTree": "SOURCE_ROOT"
		},
		"044C9AFE-FF3F-4BF2-9FD5-366FBF7E271A": {
			"fileRef": "B7B25C28-A75D-47EA-832F-D0B548D748EC",
			"isa": "PBXBuildFile"
		},
		"04DBF197-20A5-4456-9D1B-3B6E77CD51CE": {
			"fileEncoding": "4",
			"isa": "PBXFileReference",
			"lastKnownFileType": "wrapper.framework",
			"name": "CoreMIDI.framework",
			"path": "System/Library/Frameworks/CoreMIDI.framework",
			"sourceTree": "SDKROOT"
		},
		"04FEDC13-A1E6-4C96-9006-52F5D2EAEBFE": {
			"fileRef": "9EBABB37-CAA5-49A0-BA71-2280819E69B7",
			"isa": "PBXBuildFile"
		},
		"05CAC3BE-F45B-48A5-AFDF-D9B49CDEBF07": {
			"children": [
				"61142A80-A55B-4D8E-87F2-E15852039130",
				"A7A7E6D7-35E0-44E3-9CE8-117400B49B83"
			],
			"isa": "PBXGroup",
			"name": "TPCircularBuffer",
			"path": "TPCircularBuffer",
			"sourceTree": "<group>"
		},
		"0B74EB35-78FA-46A7-89D8-AE09DFA5879D": {
			"fileEncoding": "4",
			"isa": "PBXFileReference",
			"lastKnownFileType": "sourcecode.cpp.cpp",
			"name": "ofxAudioUnitDSPNode.cpp",
			"sourceTree": "<group>"
		},
		"0CD7281C-0564-4248-A3E4-4169626ECEDC": {
			"fileRef": "113C8B72-0ABD-439A-81CB-E53CFEBECE9F",
			"isa": "PBXBuildFile"
		},
		"113C8B72-0ABD-439A-81CB-E53CFEBECE9F": {
			"fileEncoding": "4",
			"isa": "PBXFileReference",
			"lastKnownFileType": "sourcecode.cpp.cpp",
			"name": "ofxAudioUnitTap.cpp",
			"sourceTree": "<group>"
		},
		"191CD6FA2847E21E0085CBB6": {
			"fileEncoding": "4",
			"isa": "PBXFileReference",
			"lastKnownFileType": "text.plist.entitlements",
			"path": "of.entitlements",
			"sourceTree": "<group>"
		},
		"191EF70929D778A400F35F26": {
			"isa": "PBXFileReference",
			"lastKnownFileType": "folder",
			"name": "openFrameworks",
			"path": "../../../libs/openFrameworks",
			"sourceTree": "SOURCE_ROOT"
		},
		"1924E9C8-77E3-4619-B0F2-D2A305758A4F": {
			"fileEncoding": "4",
			"isa": "PBXFileReference",
			"lastKnownFileType": "sourcecode.cpp.h",
			"name": "ofxAudioUnitFilePlayer.h",
			"sourceTree": "<group>"
		},
		"19B789C429E5AB4A0082E9B8": {
			"alwaysOutOfDate": "1",
			"buildActionMask": "2147483647",
			"files": [],
			"inputFileListPaths": [],
			"inputPaths": [],
			"isa": "PBXShellScriptBuildPhase",
			"outputFileListPaths": [],
			"outputPaths": [],
			"runOnlyForDeploymentPostprocessing": "0",
			"shellPath": "/bin/sh",
			"shellScript": "\"$OF_PATH/scripts/osx/xcode_project.sh\"\n",
			"showEnvVarsInLog": "0"
		},
		"1A0644AF-65F7-4242-BC53-5ECDC9818C29": {
			"fileEncoding": "4",
			"isa": "PBXFileReference",
			"lastKnownFileType": "sourcecode.cpp.h",
			"name": "ofxAudioUnitSpeechSynth.h",
			"sourceTree": "<group>"
		},
		"1C18C098-1835-4280-B16F-835B7D735CDE": {
			"fileRef": "E63F058E-5722-40C4-81C4-9E1A2B3F5353",
			"isa": "PBXBuildFile"
		},
		"1D60588F0D05DD3D006BFB54": {
			"files": [
				"9AAFFD8C-5266-43A5-953E-B8CFCFAB8322",
				"725D55F6-212E-48B0-A420-E834F7440E84",
				"15E8CED4-3108-43E7-A42C-5E6037AA0BD4"
			]
		},
		"1DBBEE6F-0F34-4A7D-9B67-AF30F1FD7120": {
			"fileEncoding": "4",
			"isa": "PBXFileReference",
			"lastKnownFileType": "sourcecode.cpp.h",
			"name": "CAAUParameter.h",
			"sourceTree": "<group>"
		},
		"2AAFECC6-7B91-4954-9BA2-8E624080EFBC": {
			"fileEncoding": "4",
			"isa": "PBXFileReference",
			"lastKnownFileType": "sourcecode.cpp.h",
			"name": "ofxAudioUnitDSPNode.h",
			"sourceTree": "<group>"
		},
		"2ED753B8-AF69-40DF-98EE-3FB2D8BAD77E": {
			"fileRef": "3D0A10DF-1178-415B-A90E-3439D63E24E7",
			"isa": "PBXBuildFile"
		},
		"2FA40005-F222-4552-B278-3CC88B46BB2F": {
			"fileEncoding": "4",
			"isa": "PBXFileReference",
			"lastKnownFileType": "sourcecode.cpp.h",
			"name": "AUParamInfo.h",
			"sourceTree": "<group>"
		},
		"335A472D-14FB-41BE-9B30-EAE73E18995B": {
			"fileRef": "33F2BC0E-ED55-4EB1-9A55-05CB46B38846",
			"isa": "PBXBuildFile"
		},
		"33F2BC0E-ED55-4EB1-9A55-05CB46B38846": {
			"fileEncoding": "4",
			"isa": "PBXFileReference",
			"lastKnownFileType": "sourcecode.cpp.cpp",
			"name": "ofxAudioUnitFftNode.cpp",
			"sourceTree": "<group>"
		},
		"3D0A10DF-1178-415B-A90E-3439D63E24E7": {
			"fileEncoding": "4",
			"isa": "PBXFileReference",
			"lastKnownFileType": "sourcecode.cpp.cpp",
			"name": "CADebugMacros.cpp",
			"sourceTree": "<group>"
		},
		"3F23058D-571F-43F0-9779-12D2DA24EABD": {
			"fileEncoding": "4",
			"isa": "PBXFileReference",
			"lastKnownFileType": "sourcecode.cpp.cpp",
			"name": "AUParamInfo.cpp",
			"sourceTree": "<group>"
		},
		"53CFBDE6-ED86-4BDF-B3E6-D75842B5707D": {
			"fileRef": "D49161B5-C406-4D4C-9628-C3F85A216E40",
			"isa": "PBXBuildFile"
		},
		"54632FCA-8ABB-4B69-8E4D-8A6492EA79E4": {
			"fileRef": "3F23058D-571F-43F0-9779-12D2DA24EABD",
			"isa": "PBXBuildFile"
		},
		"54DE1A48-FEA0-4C7A-981B-D86741651306": {
			"fileEncoding": "4",
			"isa": "PBXFileReference",
			"lastKnownFileType": "sourcecode.cpp.cpp",
			"name": "ofxAudioUnitMidi.cpp",
			"sourceTree": "<group>"
		},
		"555E7F83-CD72-45E5-8F09-6A5797EB89AA": {
			"fileEncoding": "4",
			"isa": "PBXFileReference",
			"lastKnownFileType": "sourcecode.cpp.h",
			"name": "ofxAudioUnitNetSend.h",
			"sourceTree": "<group>"
		},
		"5712029F-F6A3-436F-AA97-E78419130E32": {
			"fileEncoding": "4",
			"isa": "PBXFileReference",
			"lastKnownFileType": "sourcecode.cpp.h",
			"name": "ofxAudioUnitSampler.h",
			"sourceTree": "<group>"
		},
		"5EA03D30-5262-490E-8724-158809BA8723": {
			"fileEncoding": "4",
			"isa": "PBXFileReference",
			"lastKnownFileType": "sourcecode.cpp.h",
			"name": "ofxAudioUnitFftNode.h",
			"sourceTree": "<group>"
		},
		"61142A80-A55B-4D8E-87F2-E15852039130": {
			"fileEncoding": "4",
			"isa": "PBXFileReference",
			"lastKnownFileType": "sourcecode.cpp.c",
			"name": "TPCircularBuffer.c",
			"sourceTree": "<group>"
		},
		"65544D94-A101-4F26-9FF3-F4E8CDB2E9C2": {
			"fileEncoding": "4",
			"isa": "PBXFileReference",
			"lastKnownFileType": "sourcecode.cpp.cpp",
			"name": "CAAUParameter.cpp",
			"sourceTree": "<group>"
		},
		"65A2C851-423E-48AD-BF62-CC516B575565": {
			"fileEncoding": "4",
			"isa": "PBXFileReference",
			"lastKnownFileType": "sourcecode.cpp.h",
			"name": "ofxAudioUnitMidi.h",
			"sourceTree": "<group>"
		},
		"66A1D508-31C7-4FBE-B341-C05465D076FB": {
			"fileEncoding": "4",
			"isa": "PBXFileReference",
			"lastKnownFileType": "sourcecode.cpp.cpp",
			"name": "ofxAudioUnitMatrixMixer.cpp",
			"sourceTree": "<group>"
		},
		"696B5123-1FB9-4748-9849-CA55AC4D1C75": {
			"children": [
				"04DBF197-20A5-4456-9D1B-3B6E77CD51CE",
				"8A477220-3CCF-4E66-9CDA-61386C602B79",
				"B7B25C28-A75D-47EA-832F-D0B548D748EC"
			],
			"isa": "PBXGroup",
			"name": "Frameworks",
			"path": "",
			"sourceTree": "SOURCE_ROOT"
		},
		"6A62B95E-DB2C-436E-B2B3-B0C3CC60B6BD": {
			"fileEncoding": "4",
			"isa": "PBXFileReference",
			"lastKnownFileType": "sourcecode.cpp.h",
			"name": "ofxAudioUnitBase.h",
			"sourceTree": "<group>"
		},
		"7805533F-DC5A-461B-B458-E1D44DABF4B4": {
			"fileRef": "F0A70854-5FE4-492A-9033-24B8DAE5F5F0",
			"isa": "PBXBuildFile"
		},
		"7908B320-977A-44A3-AD5A-CF75FF4FF42F": {
			"fileEncoding": "4",
			"isa": "PBXFileReference",
			"lastKnownFileType": "sourcecode.cpp.h",
			"name": "ofxAudioUnitRecorder.h",
			"sourceTree": "<group>"
		},
		"7A1897DA-4CA5-4EB9-B994-10C4FBB1131B": {
			"fileEncoding": "4",
			"isa": "PBXFileReference",
			"lastKnownFileType": "sourcecode.cpp.h",
			"name": "ofxAudioUnitNetReceive.h",
			"sourceTree": "<group>"
		},
		"7FEDC51B-F742-4BCC-848D-5F0B0C487BE8": {
			"fileRef": "B211545D-B0CF-4FFF-A927-AADCDD4EAA22",
			"isa": "PBXBuildFile"
		},
		"823BA611-A398-41D4-ACF0-C47B62D999E0": {
			"fileEncoding": "4",
			"isa": "PBXFileReference",
			"lastKnownFileType": "sourcecode.cpp.cpp",
			"name": "ofxAudioUnitOutput.cpp",
			"sourceTree": "<group>"
		},
		"850695FD-0E62-41B4-AD0A-7FCA48AC29F3": {
			"fileEncoding": "4",
			"isa": "PBXFileReference",
			"lastKnownFileType": "sourcecode.cpp.h",
			"name": "ofxAudioUnitHardwareUtils.h",
			"sourceTree": "<group>"
		},
		"890FCDBB-E5D3-436B-BBBE-ED4BD4065EDD": {
			"fileRef": "D792FD7D-D9A4-47CE-8BA6-CBFA4A76C88F",
			"isa": "PBXBuildFile"
		},
		"8A477220-3CCF-4E66-9CDA-61386C602B79": {
			"fileEncoding": "4",
			"isa": "PBXFileReference",
			"lastKnownFileType": "wrapper.framework",
			"name": "CoreAudioKit.framework",
			"path": "System/Library/Frameworks/CoreAudioKit.framework",
			"sourceTree": "SDKROOT"
		},
		"901808C02053638E004A7774": {
			"children": [
				"04DBF197-20A5-4456-9D1B-3B6E77CD51CE",
				"8A477220-3CCF-4E66-9CDA-61386C602B79",
				"B7B25C28-A75D-47EA-832F-D0B548D748EC"
			]
		},
		"90A86F97-776C-4452-81BA-95707231A43D": {
			"children": [
				"E4D56976-61A6-4031-AA01-35635C3CC484",
				"05CAC3BE-F45B-48A5-AFDF-D9B49CDEBF07",
				"F0A70854-5FE4-492A-9033-24B8DAE5F5F0",
				"C2D4FDD7-91A7-4F6B-80EE-40CFF5FE7383",
				"6A62B95E-DB2C-436E-B2B3-B0C3CC60B6BD",
				"C37BF5FF-A6CE-49E6-A220-2F39601A8FD7",
				"0B74EB35-78FA-46A7-89D8-AE09DFA5879D",
				"2AAFECC6-7B91-4954-9BA2-8E624080EFBC",
				"33F2BC0E-ED55-4EB1-9A55-05CB46B38846",
				"5EA03D30-5262-490E-8724-158809BA8723",
				"9EBABB37-CAA5-49A0-BA71-2280819E69B7",
				"1924E9C8-77E3-4619-B0F2-D2A305758A4F",
				"B211545D-B0CF-4FFF-A927-AADCDD4EAA22",
				"850695FD-0E62-41B4-AD0A-7FCA48AC29F3",
				"D49161B5-C406-4D4C-9628-C3F85A216E40",
				"EAAE354E-CD74-4958-812F-78479A6A47CC",
				"66A1D508-31C7-4FBE-B341-C05465D076FB",
				"D3B56350-1730-4D5E-9878-4BB763B4F6CE",
				"54DE1A48-FEA0-4C7A-981B-D86741651306",
				"65A2C851-423E-48AD-BF62-CC516B575565",
				"E63F058E-5722-40C4-81C4-9E1A2B3F5353",
				"B5F00526-DA11-41D6-8EE9-B16DAE280656",
				"B223F8C9-0BF6-4A9B-94A0-CA5AB19FCA36",
				"7A1897DA-4CA5-4EB9-B994-10C4FBB1131B",
				"D15AA109-6B83-4B9B-B403-62A1F8EF24B9",
				"555E7F83-CD72-45E5-8F09-6A5797EB89AA",
				"823BA611-A398-41D4-ACF0-C47B62D999E0",
				"B30E6B32-7CD3-49A2-9C97-9D305A9B1CC1",
				"D792FD7D-D9A4-47CE-8BA6-CBFA4A76C88F",
				"7908B320-977A-44A3-AD5A-CF75FF4FF42F",
				"B63431D4-CF20-4851-B26E-0660BF12C709",
				"5712029F-F6A3-436F-AA97-E78419130E32",
				"ED0127D9-225C-4112-AE85-6207AA514F74",
				"1A0644AF-65F7-4242-BC53-5ECDC9818C29",
				"113C8B72-0ABD-439A-81CB-E53CFEBECE9F",
				"AC3ECA6E-EBBA-4E12-91C7-ECA75E370FF6",
				"B93284FE-F61A-4398-A019-D5B8FAABD4AF"
			],
			"isa": "PBXGroup",
			"name": "src",
			"path": "src",
			"sourceTree": "<group>"
		},
		"9EBABB37-CAA5-49A0-BA71-2280819E69B7": {
			"fileEncoding": "4",
			"isa": "PBXFileReference",
			"lastKnownFileType": "sourcecode.cpp.cpp",
			"name": "ofxAudioUnitFilePlayer.cpp",
			"sourceTree": "<group>"
		},
		"A0650F11-F302-40CC-A3B2-1D2866A43577": {
			"fileRef": "0B74EB35-78FA-46A7-89D8-AE09DFA5879D",
			"isa": "PBXBuildFile"
		},
		"A0AE604A-978D-4936-9E07-4F5B7D5E9A88": {
			"fileRef": "B223F8C9-0BF6-4A9B-94A0-CA5AB19FCA36",
			"isa": "PBXBuildFile"
		},
		"A78555A7-2A8F-43F0-84D0-D960D438E905": {
			"children": [
				"90A86F97-776C-4452-81BA-95707231A43D"
			],
			"isa": "PBXGroup",
			"name": "ofxAudioUnit",
			"path": "ofxAudioUnit",
			"sourceTree": "<group>"
		},
		"A7A7E6D7-35E0-44E3-9CE8-117400B49B83": {
			"fileEncoding": "4",
			"isa": "PBXFileReference",
			"lastKnownFileType": "sourcecode.cpp.h",
			"name": "TPCircularBuffer.h",
			"sourceTree": "<group>"
		},
		"A7EBCEBF-D7C7-4F70-A2A6-B10E16528953": {
			"fileEncoding": "4",
			"isa": "PBXFileReference",
			"lastKnownFileType": "sourcecode.cpp.h",
			"name": "CAXException.h",
			"sourceTree": "<group>"
		},
		"AC3ECA6E-EBBA-4E12-91C7-ECA75E370FF6": {
			"fileEncoding": "4",
			"isa": "PBXFileReference",
			"lastKnownFileType": "sourcecode.cpp.h",
			"name": "ofxAudioUnitTap.h",
			"sourceTree": "<group>"
		},
		"AE37005B-A073-452D-B089-0C8C61C1FF55": {
			"fileRef": "66A1D508-31C7-4FBE-B341-C05465D076FB",
			"isa": "PBXBuildFile"
		},
		"AE8F1DE3-EDAE-49C4-9D29-F0A4BE43323B": {
			"fileEncoding": "4",
			"isa": "PBXFileReference",
			"lastKnownFileType": "folder",
			"name": "data",
			"path": "bin/data",
			"sourceTree": "SOURCE_ROOT"
		},
		"AF6AF9E0-E7E4-4379-B0D3-B3FB8B9B2BEB": {
			"fileRef": "61142A80-A55B-4D8E-87F2-E15852039130",
			"isa": "PBXBuildFile"
		},
		"B06BE103-8ED7-4EF7-9269-1E624A029B41": {
			"fileRef": "ED0127D9-225C-4112-AE85-6207AA514F74",
			"isa": "PBXBuildFile"
		},
		"B18A60C2-9EAB-4C8C-950F-8C903BD0F319": {
			"fileRef": "823BA611-A398-41D4-ACF0-C47B62D999E0",
			"isa": "PBXBuildFile"
		},
		"B211545D-B0CF-4FFF-A927-AADCDD4EAA22": {
			"fileEncoding": "4",
			"isa": "PBXFileReference",
			"lastKnownFileType": "sourcecode.cpp.cpp",
			"name": "ofxAudioUnitHardwareUtils.cpp",
			"sourceTree": "<group>"
		},
		"B223F8C9-0BF6-4A9B-94A0-CA5AB19FCA36": {
			"fileEncoding": "4",
			"isa": "PBXFileReference",
			"lastKnownFileType": "sourcecode.cpp.cpp",
			"name": "ofxAudioUnitNetReceive.cpp",
			"sourceTree": "<group>"
		},
		"B30E6B32-7CD3-49A2-9C97-9D305A9B1CC1": {
			"fileEncoding": "4",
			"isa": "PBXFileReference",
			"lastKnownFileType": "sourcecode.cpp.h",
			"name": "ofxAudioUnitOutput.h",
			"sourceTree": "<group>"
		},
		"B5F00526-DA11-41D6-8EE9-B16DAE280656": {
			"fileEncoding": "4",
			"isa": "PBXFileReference",
			"lastKnownFileType": "sourcecode.cpp.h",
			"name": "ofxAudioUnitMixer.h",
			"sourceTree": "<group>"
		},
		"B63431D4-CF20-4851-B26E-0660BF12C709": {
			"fileEncoding": "4",
			"isa": "PBXFileReference",
			"lastKnownFileType": "sourcecode.cpp.cpp",
			"name": "ofxAudioUnitSampler.cpp",
			"sourceTree": "<group>"
		},
		"B7B25C28-A75D-47EA-832F-D0B548D748EC": {
			"fileEncoding": "4",
			"isa": "PBXFileReference",
			"lastKnownFileType": "wrapper.framework",
			"name": "AudioUnit.framework",
			"path": "System/Library/Frameworks/AudioUnit.framework",
			"sourceTree": "SDKROOT"
		},
		"B93284FE-F61A-4398-A019-D5B8FAABD4AF": {
			"fileEncoding": "4",
			"isa": "PBXFileReference",
			"lastKnownFileType": "sourcecode.cpp.h",
			"name": "ofxAudioUnitUtils.h",
			"sourceTree": "<group>"
		},
		"BB4B014C10F69532006C3DED": {
			"children": [
				"A78555A7-2A8F-43F0-84D0-D960D438E905"
			],
			"isa": "PBXGroup",
			"name": "addons",
			"path": "../../../addons",
			"sourceTree": "SOURCE_ROOT"
		},
		"BF26640B2C634C16004360E2": {
			"alwaysOutOfDate": "1",
			"buildActionMask": "2147483647",
			"files": [],
			"inputFileListPaths": [],
			"inputPaths": [],
			"isa": "PBXShellScriptBuildPhase",
			"outputFileListPaths": [],
			"outputPaths": [],
			"runOnlyForDeploymentPostprocessing": "0",
			"shellPath": "/usr/bin/env bash",
			"shellScript": "#!/usr/bin/env bash\nif [ ! -d \"${OF_PATH}/libs/freetype/lib/macos/freetype.xcframework\" ]; then\n\techo \"openFrameworks has missing xcFrameworks for osx. Downloading libaries now via scripts/osx/download_libs.sh\"\n    ${OF_PATH}/scripts/osx/download_libs.sh\nelse\n\techo \"xcFrameworks found\"\nfi\n",
			"showEnvVarsInLog": "0"
		},
		"C06CBEA3-C59D-46CC-8D0C-DF91B63E3152": {
			"fileRef": "04DBF197-20A5-4456-9D1B-3B6E77CD51CE",
			"isa": "PBXBuildFile"
		},
		"C2D4FDD7-91A7-4F6B-80EE-40CFF5FE7383": {
			"fileEncoding": "4",
			"isa": "PBXFileReference",
			"lastKnownFileType": "sourcecode.cpp.h",
			"name": "ofxAudioUnit.h",
			"sourceTree": "<group>"
		},
		"C37BF5FF-A6CE-49E6-A220-2F39601A8FD7": {
			"fileEncoding": "4",
			"isa": "PBXFileReference",
			"lastKnownFileType": "sourcecode.cpp.objcpp",
			"name": "ofxAudioUnitCocoaUtilties.mm",
			"sourceTree": "<group>"
		},
		"CFFF70FA-1189-4B7A-A1E5-71ED69F0EBE7": {
			"fileRef": "D15AA109-6B83-4B9B-B403-62A1F8EF24B9",
			"isa": "PBXBuildFile"
		},
		"D15AA109-6B83-4B9B-B403-62A1F8EF24B9": {
			"fileEncoding": "4",
			"isa": "PBXFileReference",
			"lastKnownFileType": "sourcecode.cpp.cpp",
			"name": "ofxAudioUnitNetSend.cpp",
			"sourceTree": "<group>"
		},
		"D3B56350-1730-4D5E-9878-4BB763B4F6CE": {
			"fileEncoding": "4",
			"isa": "PBXFileReference",
			"lastKnownFileType": "sourcecode.cpp.h",
			"name": "ofxAudioUnitMatrixMixer.h",
			"sourceTree": "<group>"
		},
		"D42F4D32-8D16-41A5-95FD-B776B60A0792": {
			"fileRef": "C37BF5FF-A6CE-49E6-A220-2F39601A8FD7",
			"isa": "PBXBuildFile"
		},
		"D49161B5-C406-4D4C-9628-C3F85A216E40": {
			"fileEncoding": "4",
			"isa": "PBXFileReference",
			"lastKnownFileType": "sourcecode.cpp.cpp",
			"name": "ofxAudioUnitInput.cpp",
			"sourceTree": "<group>"
		},
		"D792FD7D-D9A4-47CE-8BA6-CBFA4A76C88F": {
			"fileEncoding": "4",
			"isa": "PBXFileReference",
			"lastKnownFileType": "sourcecode.cpp.cpp",
			"name": "ofxAudioUnitRecorder.cpp",
			"sourceTree": "<group>"
		},
		"E308F529-7094-48A7-9897-8F31E3780F99": {
			"fileEncoding": "4",
			"isa": "PBXFileReference",
			"lastKnownFileType": "sourcecode.cpp.h",
			"name": "CADebugMacros.h",
			"sourceTree": "<group>"
		},
		"E346E837-8A66-48D6-8D09-DE47094CA84D": {
			"fileRef": "8A477220-3CCF-4E66-9CDA-61386C602B79",
			"isa": "PBXBuildFile"
		},
		"E42962A92163ECCD00A6A9E2": {
			"alwaysOutOfDate": "1",
			"buildActionMask": "2147483647",
			"files": [],
			"inputPaths": [],
			"isa": "PBXShellScriptBuildPhase",
			"name": "Run Script — Compile OF",
			"outputPaths": [],
			"runOnlyForDeploymentPostprocessing": "0",
			"shellPath": "/bin/sh",
			"shellScript": "$OF_CORE_BUILD_COMMAND\n",
			"showEnvVarsInLog": "0"
		},
		"E4A5B60F29BAAAE400C2D356": {
			"buildActionMask": "2147483647",
			"dstPath": "",
			"dstSubfolderSpec": "6",
			"files": [],
			"isa": "PBXCopyFilesBuildPhase",
			"runOnlyForDeploymentPostprocessing": "0"
		},
		"E4B69B4A0A3A1720003C02F2": {
			"children": [
				"037A58C72CD6B54100CF8AC1",
				"191CD6FA2847E21E0085CBB6",
				"E4B6FCAD0C3E899E008CF71C",
				"E4EB6923138AFD0F00A09F29",
				"191EF70929D778A400F35F26",
				"BB4B014C10F69532006C3DED",
				"E4B69B5B0A3A1756003C02F2",
				"696B5123-1FB9-4748-9849-CA55AC4D1C75",
				"AE8F1DE3-EDAE-49C4-9D29-F0A4BE43323B"
			],
			"isa": "PBXGroup",
			"sourceTree": "<group>"
		},
		"E4B69B4C0A3A1720003C02F2": {
			"attributes": {
				"BuildIndependentTargetsInParallel": "YES",
				"LastUpgradeCheck": "1540"
			},
			"buildConfigurationList": "E4B69B4D0A3A1720003C02F2",
			"compatibilityVersion": "Xcode 3.2",
			"developmentRegion": "en",
			"hasScannedForEncodings": "0",
			"isa": "PBXProject",
			"knownRegions": [
				"en",
				"Base"
			],
			"mainGroup": "E4B69B4A0A3A1720003C02F2",
			"productRefGroup": "E4B69B4A0A3A1720003C02F2",
			"projectDirPath": "",
			"projectRoot": "",
			"targets": [
				"E4B69B5A0A3A1756003C02F2"
			]
		},
		"E4B69B4D0A3A1720003C02F2": {
			"buildConfigurations": [
				"E4B69B4E0A3A1720003C02F2",
				"E4B69B4F0A3A1720003C02F2"
			],
			"defaultConfigurationIsVisible": "0",
			"defaultConfigurationName": "Release",
			"isa": "XCConfigurationList"
		},
		"E4B69B4E0A3A1720003C02F2": {
			"baseConfigurationReference": "E4EB6923138AFD0F00A09F29",
			"buildSettings": {
				"CODE_SIGN_ENTITLEMENTS": "of.entitlements",
				"COPY_PHASE_STRIP": "NO",
				"ENABLE_TESTABILITY": "YES",
				"GCC_OPTIMIZATION_LEVEL": "0",
				"GCC_WARN_UNUSED_VARIABLE": "NO",
				"HEADER_SEARCH_PATHS": [
					"$(OF_CORE_HEADERS)",
					"src"
				],
				"OTHER_CPLUSPLUSFLAGS": "-D__MACOSX_CORE__"
			},
			"isa": "XCBuildConfiguration",
			"name": "Debug"
		},
		"E4B69B4F0A3A1720003C02F2": {
			"baseConfigurationReference": "E4EB6923138AFD0F00A09F29",
			"buildSettings": {
				"CODE_SIGN_ENTITLEMENTS": "of.entitlements",
				"COPY_PHASE_STRIP": "YES",
				"GCC_OPTIMIZATION_LEVEL": "3",
				"GCC_UNROLL_LOOPS": "YES",
				"HEADER_SEARCH_PATHS": [
					"$(OF_CORE_HEADERS)",
					"src"
				],
				"ONLY_ACTIVE_ARCH": "YES",
				"OTHER_CPLUSPLUSFLAGS": "-D__MACOSX_CORE__"
			},
			"isa": "XCBuildConfiguration",
			"name": "Release"
		},
		"E4B69B580A3A1756003C02F2": {
			"buildActionMask": "2147483647",
			"files": [
				"54632FCA-8ABB-4B69-8E4D-8A6492EA79E4",
				"F09503C9-1C6C-4C9D-9196-08DB877A7AAF",
				"2ED753B8-AF69-40DF-98EE-3FB2D8BAD77E",
				"AF6AF9E0-E7E4-4379-B0D3-B3FB8B9B2BEB",
				"7805533F-DC5A-461B-B458-E1D44DABF4B4",
				"D42F4D32-8D16-41A5-95FD-B776B60A0792",
				"A0650F11-F302-40CC-A3B2-1D2866A43577",
				"335A472D-14FB-41BE-9B30-EAE73E18995B",
				"04FEDC13-A1E6-4C96-9006-52F5D2EAEBFE",
				"7FEDC51B-F742-4BCC-848D-5F0B0C487BE8",
				"53CFBDE6-ED86-4BDF-B3E6-D75842B5707D",
				"AE37005B-A073-452D-B089-0C8C61C1FF55",
				"00102508-7F15-4A61-A8C8-D3B9010D516E",
				"1C18C098-1835-4280-B16F-835B7D735CDE",
				"A0AE604A-978D-4936-9E07-4F5B7D5E9A88",
				"CFFF70FA-1189-4B7A-A1E5-71ED69F0EBE7",
				"B18A60C2-9EAB-4C8C-950F-8C903BD0F319",
				"890FCDBB-E5D3-436B-BBBE-ED4BD4065EDD",
				"E933325D-CA8A-4DFE-AA66-3931A560B105",
				"B06BE103-8ED7-4EF7-9269-1E624A029B41",
				"0CD7281C-0564-4248-A3E4-4169626ECEDC"
			],
			"isa": "PBXSourcesBuildPhase",
			"runOnlyForDeploymentPostprocessing": "0"
		},
		"E4B69B590A3A1756003C02F2": {
			"buildActionMask": "2147483647",
			"files": [
				"C06CBEA3-C59D-46CC-8D0C-DF91B63E3152",
				"E346E837-8A66-48D6-8D09-DE47094CA84D",
				"044C9AFE-FF3F-4BF2-9FD5-366FBF7E271A"
			],
			"isa": "PBXFrameworksBuildPhase",
			"runOnlyForDeploymentPostprocessing": "0"
		},
		"E4B69B5A0A3A1756003C02F2": {
			"buildConfigurationList": "E4B69B5F0A3A1757003C02F2",
			"buildPhases": [
				"BF26640B2C634C16004360E2",
				"E42962A92163ECCD00A6A9E2",
				"E4B69B580A3A1756003C02F2",
				"E4B69B590A3A1756003C02F2",
				"E4C2427710CC5ABF004149E2",
				"E4A5B60F29BAAAE400C2D356",
				"19B789C429E5AB4A0082E9B8"
			],
			"buildRules": [],
			"dependencies": [],
			"fileSystemSynchronizedGroups": [
				"037A58C72CD6B54100CF8AC1"
			],
			"isa": "PBXNativeTarget",
			"name": "example-5-rendering",
			"productName": "myOFApp",
			"productReference": "E4B69B5B0A3A1756003C02F2",
			"productType": "com.apple.product-type.application"
		},
		"E4B69B5B0A3A1756003C02F2": {
			"explicitFileType": "wrapper.application",
			"includeInIndex": "0",
			"isa": "PBXFileReference",
			"path": "example-5-renderingDebug.app",
			"sourceTree": "BUILT_PRODUCTS_DIR"
		},
		"E4B69B5F0A3A1757003C02F2": {
			"buildConfigurations": [
				"E4B69B600A3A1757003C02F2",
				"E4B69B610A3A1757003C02F2"
			],
			"defaultConfigurationIsVisible": "0",
			"defaultConfigurationName": "Release",
			"isa": "XCConfigurationList"
		},
		"E4B69B600A3A1757003C02F2": {
			"baseConfigurationReference": "E4EB6923138AFD0F00A09F29",
			"buildSettings": {
				"ARCHS": "$(ARCHS_STANDARD)",
				"COPY_PHASE_STRIP": "NO",
				"DEFINES_MODULE": "YES",
				"FRAMEWORK_SEARCH_PATHS": "$(inherited)",
				"GCC_DYNAMIC_NO_PIC": "NO",
				"HEADER_SEARCH_PATHS": [
					"$(OF_CORE_HEADERS)",
					"src",
					"src",
					"../src",
					"../src/CAPublicUtility",
					"../src/TPCircularBuffer"
				],
				"LIBRARY_SEARCH_PATHS": "$(inherited)",
				"OTHER_LDFLAGS": [
					"$(OF_CORE_LIBS)",
					"$(OF_CORE_FRAMEWORKS)",
					"$(LIB_OF_DEBUG)"
				]
			},
			"isa": "XCBuildConfiguration",
			"name": "Debug"
		},
		"E4B69B610A3A1757003C02F2": {
			"baseConfigurationReference": "E4EB6923138AFD0F00A09F29",
			"buildSettings": {
				"ARCHS": "$(ARCHS_STANDARD)",
				"COPY_PHASE_STRIP": "YES",
				"DEFINES_MODULE": "YES",
				"FRAMEWORK_SEARCH_PATHS": "$(inherited)",
				"HEADER_SEARCH_PATHS": [
					"$(OF_CORE_HEADERS)",
					"src",
					"src",
					"../src",
					"../src/CAPublicUtility",
					"../src/TPCircularBuffer"
				],
				"LIBRARY_SEARCH_PATHS": "$(inherited)",
				"ONLY_ACTIVE_ARCH": "YES",
				"OTHER_LDFLAGS": [
					"$(OF_CORE_LIBS)",
					"$(OF_CORE_FRAMEWORKS)",
					"$(LIB_OF)"
				],
				"baseConfigurationReference": "E4EB6923138AFD0F00A09F29"
			},
			"isa": "XCBuildConfiguration",
			"name": "Release"
		},
		"E4B6FCAD0C3E899E008CF71C": {
			"fileEncoding": "4",
			"isa": "PBXFileReference",
			"lastKnownFileType": "text.plist.xml",
			"path": "openFrameworks-Info.plist",
			"sourceTree": "<group>"
		},
		"E4C2427710CC5ABF004149E2": {
			"buildActionMask": "2147483647",
			"dstPath": "",
			"dstSubfolderSpec": "10",
			"files": [],
			"isa": "PBXCopyFilesBuildPhase",
			"runOnlyForDeploymentPostprocessing": "0"
		},
		"E4D56976-61A6-4031-AA01-35635C3CC484": {
			"children": [
				"3F23058D-571F-43F0-9779-12D2DA24EABD",
				"2FA40005-F222-4552-B278-3CC88B46BB2F",
				"65544D94-A101-4F26-9FF3-F4E8CDB2E9C2",
				"1DBBEE6F-0F34-4A7D-9B67-AF30F1FD7120",
				"3D0A10DF-1178-415B-A90E-3439D63E24E7",
				"E308F529-7094-48A7-9897-8F31E3780F99",
				"A7EBCEBF-D7C7-4F70-A2A6-B10E16528953"
			],
			"isa": "PBXGroup",
			"name": "CAPublicUtility",
			"path": "CAPublicUtility",
			"sourceTree": "<group>"
		},
		"E4EB6923138AFD0F00A09F29": {
			"fileEncoding": "4",
			"isa": "PBXFileReference",
			"lastKnownFileType": "text.xcconfig",
			"path": "Project.xcconfig",
			"sourceTree": "<group>"
		},
		"E63F058E-5722-40C4-81C4-9E1A2B3F5353": {
			"fileEncoding": "4",
			"isa": "PBXFileReference",
			"lastKnownFileType": "sourcecode.cpp.cpp",
			"name": "ofxAudioUnitMixer.cpp",
			"sourceTree": "<group>"
		},
		"E933325D-CA8A-4DFE-AA66-3931A560B105": {
			"fileRef": "B63431D4-CF20-4851-B26E-0660BF12C709",
			"isa": "PBXBuildFile"
		},
		"EAAE354E-CD74-4958-812F-78479A6A47CC": {
			"fileEncoding": "4",
			"isa": "PBXFileReference",
			"lastKnownFileType": "sourcecode.cpp.h",
			"name": "ofxAudioUnitInput.h",
			"sourceTree": "<group>"
		},
		"ED0127D9-225C-4112-AE85-6207AA514F74": {
			"fileEncoding": "4",
			"isa": "PBXFileReference",
			"lastKnownFileType": "sourcecode.cpp.cpp",
			"name": "ofxAudioUnitSpeechSynth.cpp",
			"sourceTree": "<group>"
		},
		"F09503C9-1C6C-4C9D-9196-08DB877A7AAF": {
			"fileRef": "65544D94-A101-4F26-9FF3-F4E8CDB2E9C2",
			"isa": "PBXBuildFile"
		},
		"F0A70854-5FE4-492A-9033-24B8DAE5F5F0": {
			"fileEncoding": "4",
			"isa": "PBXFileReference",
			"lastKnownFileType": "sourcecode.cpp.cpp",
			"name": "ofxAudioUnit.cpp",
			"sourceTree": "<group>"
		}
	},
	"rootObject": "E4B69B4C0A3A1720003C02F2"
}