// !$*UTF8*$!
{
	archiveVersion = 1;
	classes = {
	};
	objectVersion = 70;
	objects = {

/* Begin PBXBuildFile section */
		"0025F985-0230-4A16-9DDD-A768BFB6205E" /* ofxAudioUnitDSPNode.cpp in Sources */ = {isa = PBXBuildFile; fileRef = "36DDBDDC-92FF-4F51-A121-E1347E947749" /* ofxAudioUnitDSPNode.cpp */; };
		"067353B1-AB86-4ED2-A66B-E532C98C467A" /* CAAUParameter.cpp in Sources */ = {isa = PBXBuildFile; fileRef = "CF9CBCF7-F5CF-4BC9-811F-A5B68282D861" /* CAAUParameter.cpp */; };
		"1375490F-FB3B-4DEA-9874-56014AD4B954" /* ofxAudioUnitCocoaUtilties.mm in Sources */ = {isa = PBXBuildFile; fileRef = "16B14E25-FFB6-4A62-B51E-EB834BFDCEDB" /* ofxAudioUnitCocoaUtilties.mm */; };
		"31412F54-FD3E-45F7-8CF6-88CDD4B43ACA" /* ofxAudioUnitHardwareUtils.cpp in Sources */ = {isa = PBXBuildFile; fileRef = "4B0CAD95-DF57-4C71-AFA4-5E2DD5FCA256" /* ofxAudioUnitHardwareUtils.cpp */; };
		"33950E0E-C89F-481E-9703-9B7CCF9374CE" /* ofxAudioUnitOutput.cpp in Sources */ = {isa = PBXBuildFile; fileRef = "C86F7F68-AF00-45F7-831E-2A2B678EFFA1" /* ofxAudioUnitOutput.cpp */; };
		"3D07B983-6ABF-4B8E-9792-1DF0F8E60D3F" /* ofxAudioUnitMixer.cpp in Sources */ = {isa = PBXBuildFile; fileRef = "F6E283BE-056A-4AE2-B0A3-5B44D7D4A95A" /* ofxAudioUnitMixer.cpp */; };
		"4A6792C0-5634-4F5B-8741-2D30AECCA5F6" /* CoreMIDI.framework in Frameworks */ = {isa = PBXBuildFile; fileRef = "DF3F6A8B-2171-496F-A284-53EF61C16615" /* CoreMIDI.framework */; };
		"58498825-5F2A-45AC-A1C0-A0FB929ACA77" /* ofxAudioUnitInput.cpp in Sources */ = {isa = PBXBuildFile; fileRef = "4EADDC7D-0F7F-4278-90D3-59475E102664" /* ofxAudioUnitInput.cpp */; };
		"760CA881-FEBB-4202-8C64-AB9C5BF1590F" /* AudioUnit.framework in Frameworks */ = {isa = PBXBuildFile; fileRef = "3A0E624F-D614-43C1-891C-A2DC4390578C" /* AudioUnit.framework */; };
		"7C8BF3F2-ED62-477E-8E23-1115E46CADF3" /* ofxAudioUnitFilePlayer.cpp in Sources */ = {isa = PBXBuildFile; fileRef = "E82F8893-7EFE-4C6A-B8FF-99B95237E0FB" /* ofxAudioUnitFilePlayer.cpp */; };
		"89861563-C266-417D-9A4B-69D429433D2A" /* TPCircularBuffer.c in Sources */ = {isa = PBXBuildFile; fileRef = "57CEFE47-2BD8-4CAA-9ACB-0101D44D3890" /* TPCircularBuffer.c */; };
		"8A67BD8C-1C6C-4856-9CDB-1D2578FFCEEE" /* CoreAudioKit.framework in Frameworks */ = {isa = PBXBuildFile; fileRef = "CFC1590B-B90F-4F99-B757-EEC795394040" /* CoreAudioKit.framework */; };
		"8EBD58F2-A20F-455E-B4E8-836791A96393" /* AUParamInfo.cpp in Sources */ = {isa = PBXBuildFile; fileRef = "8ACB3CF3-A1AA-4DC2-BE13-AE0B92DD166D" /* AUParamInfo.cpp */; };
		"94AAE764-179E-4FD2-89F3-F20166451741" /* ofxAudioUnitFftNode.cpp in Sources */ = {isa = PBXBuildFile; fileRef = "A2A82C50-787F-4105-A9E1-CA82302B7B4E" /* ofxAudioUnitFftNode.cpp */; };
		"9DCD6E54-6A6E-4849-8503-DB5BE59B6615" /* ofxAudioUnit.cpp in Sources */ = {isa = PBXBuildFile; fileRef = "541CDFC8-9777-4728-AAD4-3E51A8F2ADAB" /* ofxAudioUnit.cpp */; };
		"A3E37E29-274B-4216-93EB-EA064D9BCF8C" /* ofxAudioUnitRecorder.cpp in Sources */ = {isa = PBXBuildFile; fileRef = "8E9705AA-CCC6-424E-9BBD-B814DC324F19" /* ofxAudioUnitRecorder.cpp */; };
		"A5907067-D711-489F-9091-4965E860F9EB" /* ofxAudioUnitNetReceive.cpp in Sources */ = {isa = PBXBuildFile; fileRef = "560E187B-9165-4136-8432-E83007AFF08A" /* ofxAudioUnitNetReceive.cpp */; };
		"B9BC18E3-B952-480E-AF40-0A5E03AC0E7F" /* ofxAudioUnitNetSend.cpp in Sources */ = {isa = PBXBuildFile; fileRef = "134B7A82-D1F5-4591-AE79-32A26D374231" /* ofxAudioUnitNetSend.cpp */; };
		"C60C3735-7EEE-434D-A5D8-681BE9DF0823" /* ofxAudioUnitMatrixMixer.cpp in Sources */ = {isa = PBXBuildFile; fileRef = "527AF6E4-0ED0-41DC-B697-B27969B1E103" /* ofxAudioUnitMatrixMixer.cpp */; };
		"D5E35FE8-8A79-467D-859D-F0EE0A4D707D" /* ofxAudioUnitMidi.cpp in Sources */ = {isa = PBXBuildFile; fileRef = "9DD90A67-E6D4-4F3B-AB95-26686B24DF2F" /* ofxAudioUnitMidi.cpp */; };
		"E61E6EDA-309E-476F-A487-C19DBFEDFF17" /* CADebugMacros.cpp in Sources */ = {isa = PBXBuildFile; fileRef = "B3A19996-3891-4A70-9DA3-5E21C39DAF8F" /* CADebugMacros.cpp */; };
		"F29B402A-C41C-452F-8A2C-466B34450C68" /* ofxAudioUnitSampler.cpp in Sources */ = {isa = PBXBuildFile; fileRef = "FB28671A-2F8F-4CE5-9CD1-E98EB0098BEA" /* ofxAudioUnitSampler.cpp */; };
		"F9E333B5-FB1E-44AC-8E2B-3AAC0AC24A2B" /* ofxAudioUnitSpeechSynth.cpp in Sources */ = {isa = PBXBuildFile; fileRef = "727DBC93-B3D1-470E-91A5-239AE43D7464" /* ofxAudioUnitSpeechSynth.cpp */; };
		"FC5FF083-A96C-4E68-85B3-06442A7A26D2" /* ofxAudioUnitTap.cpp in Sources */ = {isa = PBXBuildFile; fileRef = "5B337DE6-2081-46D3-ABE9-6C88BC0858CD" /* ofxAudioUnitTap.cpp */; };
/* End PBXBuildFile section */

/* Begin PBXCopyFilesBuildPhase section */
		E4A5B60F29BAAAE400C2D356 /* CopyFiles */ = {
			isa = PBXCopyFilesBuildPhase;
			buildActionMask = 2147483647;
			dstPath = "";
			dstSubfolderSpec = 6;
			files = (
			);
			runOnlyForDeploymentPostprocessing = 0;
		};
		E4C2427710CC5ABF004149E2 /* CopyFiles */ = {
			isa = PBXCopyFilesBuildPhase;
			buildActionMask = 2147483647;
			dstPath = "";
			dstSubfolderSpec = 10;
			files = (
			);
			runOnlyForDeploymentPostprocessing = 0;
		};
/* End PBXCopyFilesBuildPhase section */

/* Begin PBXFileReference section */
		"02B856A2-B66E-435E-BFE3-C9F83464BE17" /* ofxAudioUnitHardwareUtils.h */ = {isa = PBXFileReference; fileEncoding = 4; lastKnownFileType = sourcecode.cpp.h; path = ofxAudioUnitHardwareUtils.h; sourceTree = "<group>"; };
		"0BA88164-EEA7-415E-9A03-C853CCF3C038" /* AUParamInfo.h */ = {isa = PBXFileReference; fileEncoding = 4; lastKnownFileType = sourcecode.cpp.h; path = AUParamInfo.h; sourceTree = "<group>"; };
		"1123F787-D88F-4360-8950-8CAD4A8C5E7F" /* ofxAudioUnitNetSend.h */ = {isa = PBXFileReference; fileEncoding = 4; lastKnownFileType = sourcecode.cpp.h; path = ofxAudioUnitNetSend.h; sourceTree = "<group>"; };
		"134B7A82-D1F5-4591-AE79-32A26D374231" /* ofxAudioUnitNetSend.cpp */ = {isa = PBXFileReference; fileEncoding = 4; lastKnownFileType = sourcecode.cpp.cpp; path = ofxAudioUnitNetSend.cpp; sourceTree = "<group>"; };
		"16B14E25-FFB6-4A62-B51E-EB834BFDCEDB" /* ofxAudioUnitCocoaUtilties.mm */ = {isa = PBXFileReference; fileEncoding = 4; lastKnownFileType = sourcecode.cpp.objcpp; path = ofxAudioUnitCocoaUtilties.mm; sourceTree = "<group>"; };
		191CD6FA2847E21E0085CBB6 /* of.entitlements */ = {isa = PBXFileReference; fileEncoding = 4; lastKnownFileType = text.plist.entitlements; path = of.entitlements; sourceTree = "<group>"; };
		191EF70929D778A400F35F26 /* openFrameworks */ = {isa = PBXFileReference; lastKnownFileType = folder; name = openFrameworks; path = ../../../libs/openFrameworks; sourceTree = SOURCE_ROOT; };
		"1F629011-6B46-4525-B4D5-EC2C16036BFD" /* ofxAudioUnitFilePlayer.h */ = {isa = PBXFileReference; fileEncoding = 4; lastKnownFileType = sourcecode.cpp.h; path = ofxAudioUnitFilePlayer.h; sourceTree = "<group>"; };
		"2559103E-E9E0-4284-8552-90357CF0B46E" /* ofxAudioUnitSpeechSynth.h */ = {isa = PBXFileReference; fileEncoding = 4; lastKnownFileType = sourcecode.cpp.h; path = ofxAudioUnitSpeechSynth.h; sourceTree = "<group>"; };
		"302408BE-EEDF-4EDE-9966-437014B239FF" /* ofxAudioUnit.h */ = {isa = PBXFileReference; fileEncoding = 4; lastKnownFileType = sourcecode.cpp.h; path = ofxAudioUnit.h; sourceTree = "<group>"; };
		"31A7570A-DAE5-4C8B-9B19-9DE9A07460DD" /* ofxAudioUnitUtils.h */ = {isa = PBXFileReference; fileEncoding = 4; lastKnownFileType = sourcecode.cpp.h; path = ofxAudioUnitUtils.h; sourceTree = "<group>"; };
		"36DDBDDC-92FF-4F51-A121-E1347E947749" /* ofxAudioUnitDSPNode.cpp */ = {isa = PBXFileReference; fileEncoding = 4; lastKnownFileType = sourcecode.cpp.cpp; path = ofxAudioUnitDSPNode.cpp; sourceTree = "<group>"; };
		"375DEC05-240D-4850-94FE-4FF3D1EC0737" /* ofxAudioUnitOutput.h */ = {isa = PBXFileReference; fileEncoding = 4; lastKnownFileType = sourcecode.cpp.h; path = ofxAudioUnitOutput.h; sourceTree = "<group>"; };
		"3A0E624F-D614-43C1-891C-A2DC4390578C" /* AudioUnit.framework */ = {isa = PBXFileReference; fileEncoding = 4; lastKnownFileType = wrapper.framework; name = AudioUnit.framework; path = System/Library/Frameworks/AudioUnit.framework; sourceTree = SDKROOT; };
		"4287F127-254E-4237-81FD-BE81AE4CD99B" /* ofxAudioUnitRecorder.h */ = {isa = PBXFileReference; fileEncoding = 4; lastKnownFileType = sourcecode.cpp.h; path = ofxAudioUnitRecorder.h; sourceTree = "<group>"; };
		"4B0CAD95-DF57-4C71-AFA4-5E2DD5FCA256" /* ofxAudioUnitHardwareUtils.cpp */ = {isa = PBXFileReference; fileEncoding = 4; lastKnownFileType = sourcecode.cpp.cpp; path = ofxAudioUnitHardwareUtils.cpp; sourceTree = "<group>"; };
		"4EADDC7D-0F7F-4278-90D3-59475E102664" /* ofxAudioUnitInput.cpp */ = {isa = PBXFileReference; fileEncoding = 4; lastKnownFileType = sourcecode.cpp.cpp; path = ofxAudioUnitInput.cpp; sourceTree = "<group>"; };
		"527AF6E4-0ED0-41DC-B697-B27969B1E103" /* ofxAudioUnitMatrixMixer.cpp */ = {isa = PBXFileReference; fileEncoding = 4; lastKnownFileType = sourcecode.cpp.cpp; path = ofxAudioUnitMatrixMixer.cpp; sourceTree = "<group>"; };
		"539CD8A9-7D20-4176-802F-72807A467BBF" /* data */ = {isa = PBXFileReference; fileEncoding = 4; lastKnownFileType = folder; name = data; path = bin/data; sourceTree = SOURCE_ROOT; };
		"541CDFC8-9777-4728-AAD4-3E51A8F2ADAB" /* ofxAudioUnit.cpp */ = {isa = PBXFileReference; fileEncoding = 4; lastKnownFileType = sourcecode.cpp.cpp; path = ofxAudioUnit.cpp; sourceTree = "<group>"; };
		"560E187B-9165-4136-8432-E83007AFF08A" /* ofxAudioUnitNetReceive.cpp */ = {isa = PBXFileReference; fileEncoding = 4; lastKnownFileType = sourcecode.cpp.cpp; path = ofxAudioUnitNetReceive.cpp; sourceTree = "<group>"; };
		"57CEFE47-2BD8-4CAA-9ACB-0101D44D3890" /* TPCircularBuffer.c */ = {isa = PBXFileReference; fileEncoding = 4; lastKnownFileType = sourcecode.cpp.c; path = TPCircularBuffer.c; sourceTree = "<group>"; };
		"5B337DE6-2081-46D3-ABE9-6C88BC0858CD" /* ofxAudioUnitTap.cpp */ = {isa = PBXFileReference; fileEncoding = 4; lastKnownFileType = sourcecode.cpp.cpp; path = ofxAudioUnitTap.cpp; sourceTree = "<group>"; };
		"62BAA75E-1AE9-4A69-989C-66899963832A" /* ofxAudioUnitMatrixMixer.h */ = {isa = PBXFileReference; fileEncoding = 4; lastKnownFileType = sourcecode.cpp.h; path = ofxAudioUnitMatrixMixer.h; sourceTree = "<group>"; };
		"70CD8824-3114-4D03-971C-F3AE4915E3A7" /* CAXException.h */ = {isa = PBXFileReference; fileEncoding = 4; lastKnownFileType = sourcecode.cpp.h; path = CAXException.h; sourceTree = "<group>"; };
		"72099FA2-B1AF-4A64-BA65-06E98A21A597" /* TPCircularBuffer.h */ = {isa = PBXFileReference; fileEncoding = 4; lastKnownFileType = sourcecode.cpp.h; path = TPCircularBuffer.h; sourceTree = "<group>"; };
		"727DBC93-B3D1-470E-91A5-239AE43D7464" /* ofxAudioUnitSpeechSynth.cpp */ = {isa = PBXFileReference; fileEncoding = 4; lastKnownFileType = sourcecode.cpp.cpp; path = ofxAudioUnitSpeechSynth.cpp; sourceTree = "<group>"; };
		"7E98BEAF-928A-4D65-BCA2-137895939494" /* ofxAudioUnitBase.h */ = {isa = PBXFileReference; fileEncoding = 4; lastKnownFileType = sourcecode.cpp.h; path = ofxAudioUnitBase.h; sourceTree = "<group>"; };
		"8ACB3CF3-A1AA-4DC2-BE13-AE0B92DD166D" /* AUParamInfo.cpp */ = {isa = PBXFileReference; fileEncoding = 4; lastKnownFileType = sourcecode.cpp.cpp; path = AUParamInfo.cpp; sourceTree = "<group>"; };
		"8E9705AA-CCC6-424E-9BBD-B814DC324F19" /* ofxAudioUnitRecorder.cpp */ = {isa = PBXFileReference; fileEncoding = 4; lastKnownFileType = sourcecode.cpp.cpp; path = ofxAudioUnitRecorder.cpp; sourceTree = "<group>"; };
		"8F3995EF-583D-4130-A5A9-BE5CD83401F7" /* ofxAudioUnitInput.h */ = {isa = PBXFileReference; fileEncoding = 4; lastKnownFileType = sourcecode.cpp.h; path = ofxAudioUnitInput.h; sourceTree = "<group>"; };
		"98B027AC-B986-4D8F-8FF7-E016BFAEFC5A" /* ofxAudioUnitNetReceive.h */ = {isa = PBXFileReference; fileEncoding = 4; lastKnownFileType = sourcecode.cpp.h; path = ofxAudioUnitNetReceive.h; sourceTree = "<group>"; };
		"99D922C2-C1A9-4EEE-A3BC-8844867FAB1D" /* CAAUParameter.h */ = {isa = PBXFileReference; fileEncoding = 4; lastKnownFileType = sourcecode.cpp.h; path = CAAUParameter.h; sourceTree = "<group>"; };
		"9DD90A67-E6D4-4F3B-AB95-26686B24DF2F" /* ofxAudioUnitMidi.cpp */ = {isa = PBXFileReference; fileEncoding = 4; lastKnownFileType = sourcecode.cpp.cpp; path = ofxAudioUnitMidi.cpp; sourceTree = "<group>"; };
		"A2A82C50-787F-4105-A9E1-CA82302B7B4E" /* ofxAudioUnitFftNode.cpp */ = {isa = PBXFileReference; fileEncoding = 4; lastKnownFileType = sourcecode.cpp.cpp; path = ofxAudioUnitFftNode.cpp; sourceTree = "<group>"; };
		"A4F968ED-E9F1-4ADE-9080-5358CFCC4E4C" /* ofxAudioUnitMidi.h */ = {isa = PBXFileReference; fileEncoding = 4; lastKnownFileType = sourcecode.cpp.h; path = ofxAudioUnitMidi.h; sourceTree = "<group>"; };
		"B3A19996-3891-4A70-9DA3-5E21C39DAF8F" /* CADebugMacros.cpp */ = {isa = PBXFileReference; fileEncoding = 4; lastKnownFileType = sourcecode.cpp.cpp; path = CADebugMacros.cpp; sourceTree = "<group>"; };
		"C6BD45AE-260F-4467-9994-AE157BAD5C51" /* ofxAudioUnitTap.h */ = {isa = PBXFileReference; fileEncoding = 4; lastKnownFileType = sourcecode.cpp.h; path = ofxAudioUnitTap.h; sourceTree = "<group>"; };
		"C86F7F68-AF00-45F7-831E-2A2B678EFFA1" /* ofxAudioUnitOutput.cpp */ = {isa = PBXFileReference; fileEncoding = 4; lastKnownFileType = sourcecode.cpp.cpp; path = ofxAudioUnitOutput.cpp; sourceTree = "<group>"; };
		"CF9CBCF7-F5CF-4BC9-811F-A5B68282D861" /* CAAUParameter.cpp */ = {isa = PBXFileReference; fileEncoding = 4; lastKnownFileType = sourcecode.cpp.cpp; path = CAAUParameter.cpp; sourceTree = "<group>"; };
		"CFA1D6E7-F382-42A5-B0B8-7314BCCB7175" /* CADebugMacros.h */ = {isa = PBXFileReference; fileEncoding = 4; lastKnownFileType = sourcecode.cpp.h; path = CADebugMacros.h; sourceTree = "<group>"; };
		"CFC1590B-B90F-4F99-B757-EEC795394040" /* CoreAudioKit.framework */ = {isa = PBXFileReference; fileEncoding = 4; lastKnownFileType = wrapper.framework; name = CoreAudioKit.framework; path = System/Library/Frameworks/CoreAudioKit.framework; sourceTree = SDKROOT; };
		"DF3F6A8B-2171-496F-A284-53EF61C16615" /* CoreMIDI.framework */ = {isa = PBXFileReference; fileEncoding = 4; lastKnownFileType = wrapper.framework; name = CoreMIDI.framework; path = System/Library/Frameworks/CoreMIDI.framework; sourceTree = SDKROOT; };
		"DF9DB83F-7C6E-455D-AEEC-6EFA70D7E11F" /* ofxAudioUnitDSPNode.h */ = {isa = PBXFileReference; fileEncoding = 4; lastKnownFileType = sourcecode.cpp.h; path = ofxAudioUnitDSPNode.h; sourceTree = "<group>"; };
		E4B69B5B0A3A1756003C02F2 /* example-2-oscilloscopeDebug.app */ = {isa = PBXFileReference; explicitFileType = wrapper.application; includeInIndex = 0; path = "example-2-oscilloscopeDebug.app"; sourceTree = BUILT_PRODUCTS_DIR; };
		E4B6FCAD0C3E899E008CF71C /* openFrameworks-Info.plist */ = {isa = PBXFileReference; fileEncoding = 4; lastKnownFileType = text.plist.xml; path = "openFrameworks-Info.plist"; sourceTree = "<group>"; };
		E4EB6923138AFD0F00A09F29 /* Project.xcconfig */ = {isa = PBXFileReference; fileEncoding = 4; lastKnownFileType = text.xcconfig; path = Project.xcconfig; sourceTree = "<group>"; };
		"E56ABFA6-867A-4DA4-BC91-64A03489BF81" /* ofxAudioUnitMixer.h */ = {isa = PBXFileReference; fileEncoding = 4; lastKnownFileType = sourcecode.cpp.h; path = ofxAudioUnitMixer.h; sourceTree = "<group>"; };
		"E82F8893-7EFE-4C6A-B8FF-99B95237E0FB" /* ofxAudioUnitFilePlayer.cpp */ = {isa = PBXFileReference; fileEncoding = 4; lastKnownFileType = sourcecode.cpp.cpp; path = ofxAudioUnitFilePlayer.cpp; sourceTree = "<group>"; };
		"EFDECE4E-09D2-470B-9977-5CB9E4742407" /* ofxAudioUnitFftNode.h */ = {isa = PBXFileReference; fileEncoding = 4; lastKnownFileType = sourcecode.cpp.h; path = ofxAudioUnitFftNode.h; sourceTree = "<group>"; };
		"F6E283BE-056A-4AE2-B0A3-5B44D7D4A95A" /* ofxAudioUnitMixer.cpp */ = {isa = PBXFileReference; fileEncoding = 4; lastKnownFileType = sourcecode.cpp.cpp; path = ofxAudioUnitMixer.cpp; sourceTree = "<group>"; };
		"FABAE1A6-A909-4FDA-8493-3959A450A073" /* ofxAudioUnitSampler.h */ = {isa = PBXFileReference; fileEncoding = 4; lastKnownFileType = sourcecode.cpp.h; path = ofxAudioUnitSampler.h; sourceTree = "<group>"; };
		"FB28671A-2F8F-4CE5-9CD1-E98EB0098BEA" /* ofxAudioUnitSampler.cpp */ = {isa = PBXFileReference; fileEncoding = 4; lastKnownFileType = sourcecode.cpp.cpp; path = ofxAudioUnitSampler.cpp; sourceTree = "<group>"; };
/* End PBXFileReference section */

/* Begin PBXFileSystemSynchronizedRootGroup section */
		037A58C72CD6B54100CF8AC1 /* src */ = {isa = PBXFileSystemSynchronizedRootGroup; explicitFileTypes = {}; explicitFolders = (); path = src; sourceTree = SOURCE_ROOT; };
/* End PBXFileSystemSynchronizedRootGroup section */

/* Begin PBXFrameworksBuildPhase section */
		E4B69B590A3A1756003C02F2 /* Frameworks */ = {
			isa = PBXFrameworksBuildPhase;
			buildActionMask = 2147483647;
			files = (
				"4A6792C0-5634-4F5B-8741-2D30AECCA5F6" /* CoreMIDI.framework in Frameworks */,
				"8A67BD8C-1C6C-4856-9CDB-1D2578FFCEEE" /* CoreAudioKit.framework in Frameworks */,
				"760CA881-FEBB-4202-8C64-AB9C5BF1590F" /* AudioUnit.framework in Frameworks */,
			);
			runOnlyForDeploymentPostprocessing = 0;
		};
/* End PBXFrameworksBuildPhase section */

/* Begin PBXGroup section */
		"2FDD2CDA-0F4C-478F-90F6-1811B5D52F9D" /* ofxAudioUnit */ = {
			isa = PBXGroup;
			children = (
				"5BE416FF-8904-4654-998A-AA6F144D8816" /* src */,
			);
			path = ofxAudioUnit;
			sourceTree = "<group>";
		};
		"32C206A1-6377-422F-B773-932E96412F64" /* TPCircularBuffer */ = {
			isa = PBXGroup;
			children = (
				"57CEFE47-2BD8-4CAA-9ACB-0101D44D3890" /* TPCircularBuffer.c */,
				"72099FA2-B1AF-4A64-BA65-06E98A21A597" /* TPCircularBuffer.h */,
			);
			path = TPCircularBuffer;
			sourceTree = "<group>";
		};
		"5BE416FF-8904-4654-998A-AA6F144D8816" /* src */ = {
			isa = PBXGroup;
			children = (
				"666B1FF8-DB5E-4EDD-BE74-77AE0D945CF6" /* CAPublicUtility */,
				"32C206A1-6377-422F-B773-932E96412F64" /* TPCircularBuffer */,
				"541CDFC8-9777-4728-AAD4-3E51A8F2ADAB" /* ofxAudioUnit.cpp */,
				"302408BE-EEDF-4EDE-9966-437014B239FF" /* ofxAudioUnit.h */,
				"7E98BEAF-928A-4D65-BCA2-137895939494" /* ofxAudioUnitBase.h */,
				"16B14E25-FFB6-4A62-B51E-EB834BFDCEDB" /* ofxAudioUnitCocoaUtilties.mm */,
				"36DDBDDC-92FF-4F51-A121-E1347E947749" /* ofxAudioUnitDSPNode.cpp */,
				"DF9DB83F-7C6E-455D-AEEC-6EFA70D7E11F" /* ofxAudioUnitDSPNode.h */,
				"A2A82C50-787F-4105-A9E1-CA82302B7B4E" /* ofxAudioUnitFftNode.cpp */,
				"EFDECE4E-09D2-470B-9977-5CB9E4742407" /* ofxAudioUnitFftNode.h */,
				"E82F8893-7EFE-4C6A-B8FF-99B95237E0FB" /* ofxAudioUnitFilePlayer.cpp */,
				"1F629011-6B46-4525-B4D5-EC2C16036BFD" /* ofxAudioUnitFilePlayer.h */,
				"4B0CAD95-DF57-4C71-AFA4-5E2DD5FCA256" /* ofxAudioUnitHardwareUtils.cpp */,
				"02B856A2-B66E-435E-BFE3-C9F83464BE17" /* ofxAudioUnitHardwareUtils.h */,
				"4EADDC7D-0F7F-4278-90D3-59475E102664" /* ofxAudioUnitInput.cpp */,
				"8F3995EF-583D-4130-A5A9-BE5CD83401F7" /* ofxAudioUnitInput.h */,
				"527AF6E4-0ED0-41DC-B697-B27969B1E103" /* ofxAudioUnitMatrixMixer.cpp */,
				"62BAA75E-1AE9-4A69-989C-66899963832A" /* ofxAudioUnitMatrixMixer.h */,
				"9DD90A67-E6D4-4F3B-AB95-26686B24DF2F" /* ofxAudioUnitMidi.cpp */,
				"A4F968ED-E9F1-4ADE-9080-5358CFCC4E4C" /* ofxAudioUnitMidi.h */,
				"F6E283BE-056A-4AE2-B0A3-5B44D7D4A95A" /* ofxAudioUnitMixer.cpp */,
				"E56ABFA6-867A-4DA4-BC91-64A03489BF81" /* ofxAudioUnitMixer.h */,
				"560E187B-9165-4136-8432-E83007AFF08A" /* ofxAudioUnitNetReceive.cpp */,
				"98B027AC-B986-4D8F-8FF7-E016BFAEFC5A" /* ofxAudioUnitNetReceive.h */,
				"134B7A82-D1F5-4591-AE79-32A26D374231" /* ofxAudioUnitNetSend.cpp */,
				"1123F787-D88F-4360-8950-8CAD4A8C5E7F" /* ofxAudioUnitNetSend.h */,
				"C86F7F68-AF00-45F7-831E-2A2B678EFFA1" /* ofxAudioUnitOutput.cpp */,
				"375DEC05-240D-4850-94FE-4FF3D1EC0737" /* ofxAudioUnitOutput.h */,
				"8E9705AA-CCC6-424E-9BBD-B814DC324F19" /* ofxAudioUnitRecorder.cpp */,
				"4287F127-254E-4237-81FD-BE81AE4CD99B" /* ofxAudioUnitRecorder.h */,
				"FB28671A-2F8F-4CE5-9CD1-E98EB0098BEA" /* ofxAudioUnitSampler.cpp */,
				"FABAE1A6-A909-4FDA-8493-3959A450A073" /* ofxAudioUnitSampler.h */,
				"727DBC93-B3D1-470E-91A5-239AE43D7464" /* ofxAudioUnitSpeechSynth.cpp */,
				"2559103E-E9E0-4284-8552-90357CF0B46E" /* ofxAudioUnitSpeechSynth.h */,
				"5B337DE6-2081-46D3-ABE9-6C88BC0858CD" /* ofxAudioUnitTap.cpp */,
				"C6BD45AE-260F-4467-9994-AE157BAD5C51" /* ofxAudioUnitTap.h */,
				"31A7570A-DAE5-4C8B-9B19-9DE9A07460DD" /* ofxAudioUnitUtils.h */,
			);
			path = src;
			sourceTree = "<group>";
		};
		"666B1FF8-DB5E-4EDD-BE74-77AE0D945CF6" /* CAPublicUtility */ = {
			isa = PBXGroup;
			children = (
				"8ACB3CF3-A1AA-4DC2-BE13-AE0B92DD166D" /* AUParamInfo.cpp */,
				"0BA88164-EEA7-415E-9A03-C853CCF3C038" /* AUParamInfo.h */,
				"CF9CBCF7-F5CF-4BC9-811F-A5B68282D861" /* CAAUParameter.cpp */,
				"99D922C2-C1A9-4EEE-A3BC-8844867FAB1D" /* CAAUParameter.h */,
				"B3A19996-3891-4A70-9DA3-5E21C39DAF8F" /* CADebugMacros.cpp */,
				"CFA1D6E7-F382-42A5-B0B8-7314BCCB7175" /* CADebugMacros.h */,
				"70CD8824-3114-4D03-971C-F3AE4915E3A7" /* CAXException.h */,
			);
			path = CAPublicUtility;
			sourceTree = "<group>";
		};
		BB4B014C10F69532006C3DED /* addons */ = {
			isa = PBXGroup;
			children = (
				"2FDD2CDA-0F4C-478F-90F6-1811B5D52F9D" /* ofxAudioUnit */,
			);
			name = addons;
			path = ../../../addons;
			sourceTree = SOURCE_ROOT;
		};
		"CF08C0B8-9932-46AC-B71A-E15D226CD2AA" /* Frameworks */ = {
			isa = PBXGroup;
			children = (
				"DF3F6A8B-2171-496F-A284-53EF61C16615" /* CoreMIDI.framework */,
				"CFC1590B-B90F-4F99-B757-EEC795394040" /* CoreAudioKit.framework */,
				"3A0E624F-D614-43C1-891C-A2DC4390578C" /* AudioUnit.framework */,
			);
			name = Frameworks;
			sourceTree = SOURCE_ROOT;
		};
		E4B69B4A0A3A1720003C02F2 = {
			isa = PBXGroup;
			children = (
				037A58C72CD6B54100CF8AC1 /* src */,
				191CD6FA2847E21E0085CBB6 /* of.entitlements */,
				E4B6FCAD0C3E899E008CF71C /* openFrameworks-Info.plist */,
				E4EB6923138AFD0F00A09F29 /* Project.xcconfig */,
				191EF70929D778A400F35F26 /* openFrameworks */,
				BB4B014C10F69532006C3DED /* addons */,
				E4B69B5B0A3A1756003C02F2 /* example-2-oscilloscopeDebug.app */,
				"CF08C0B8-9932-46AC-B71A-E15D226CD2AA" /* Frameworks */,
				"539CD8A9-7D20-4176-802F-72807A467BBF" /* data */,
			);
			sourceTree = "<group>";
		};
/* End PBXGroup section */

/* Begin PBXNativeTarget section */
		E4B69B5A0A3A1756003C02F2 /* example-2-oscilloscope */ = {
			isa = PBXNativeTarget;
			buildConfigurationList = E4B69B5F0A3A1757003C02F2 /* Build configuration list for PBXNativeTarget "example-2-oscilloscope" */;
			buildPhases = (
				BF26640B2C634C16004360E2 /* ShellScript */,
				E42962A92163ECCD00A6A9E2 /* Run Script — Compile OF */,
				E4B69B580A3A1756003C02F2 /* Sources */,
				E4B69B590A3A1756003C02F2 /* Frameworks */,
				E4C2427710CC5ABF004149E2 /* CopyFiles */,
				E4A5B60F29BAAAE400C2D356 /* CopyFiles */,
				19B789C429E5AB4A0082E9B8 /* ShellScript */,
			);
			buildRules = (
			);
			dependencies = (
			);
			fileSystemSynchronizedGroups = (
				037A58C72CD6B54100CF8AC1 /* src */,
			);
			name = "example-2-oscilloscope";
			productName = myOFApp;
			productReference = E4B69B5B0A3A1756003C02F2 /* example-2-oscilloscopeDebug.app */;
			productType = "com.apple.product-type.application";
		};
/* End PBXNativeTarget section */

/* Begin PBXProject section */
		E4B69B4C0A3A1720003C02F2 /* Project object */ = {
			isa = PBXProject;
			attributes = {
				BuildIndependentTargetsInParallel = YES;
				LastUpgradeCheck = 1540;
			};
			buildConfigurationList = E4B69B4D0A3A1720003C02F2 /* Build configuration list for PBXProject "example-2-oscilloscope" */;
			compatibilityVersion = "Xcode 3.2";
			developmentRegion = en;
			hasScannedForEncodings = 0;
			knownRegions = (
				en,
				Base,
			);
			mainGroup = E4B69B4A0A3A1720003C02F2;
			productRefGroup = E4B69B4A0A3A1720003C02F2;
			projectDirPath = "";
			projectRoot = "";
			targets = (
				E4B69B5A0A3A1756003C02F2 /* example-2-oscilloscope */,
			);
		};
/* End PBXProject section */

/* Begin PBXShellScriptBuildPhase section */
		19B789C429E5AB4A0082E9B8 /* ShellScript */ = {
			isa = PBXShellScriptBuildPhase;
			alwaysOutOfDate = 1;
			buildActionMask = 2147483647;
			files = (
			);
			inputFileListPaths = (
			);
			inputPaths = (
			);
			outputFileListPaths = (
			);
			outputPaths = (
			);
			runOnlyForDeploymentPostprocessing = 0;
			shellPath = /bin/sh;
			shellScript = "\"$OF_PATH/scripts/osx/xcode_project.sh\"\n";
			showEnvVarsInLog = 0;
		};
		BF26640B2C634C16004360E2 /* ShellScript */ = {
			isa = PBXShellScriptBuildPhase;
			alwaysOutOfDate = 1;
			buildActionMask = 2147483647;
			files = (
			);
			inputFileListPaths = (
			);
			inputPaths = (
			);
			outputFileListPaths = (
			);
			outputPaths = (
			);
			runOnlyForDeploymentPostprocessing = 0;
			shellPath = "/usr/bin/env bash";
			shellScript = "#!/usr/bin/env bash\nif [ ! -d \"${OF_PATH}/libs/freetype/lib/macos/freetype.xcframework\" ]; then\n\techo \"openFrameworks has missing xcFrameworks for osx. Downloading libaries now via scripts/osx/download_libs.sh\"\n    ${OF_PATH}/scripts/osx/download_libs.sh\nelse\n\techo \"xcFrameworks found\"\nfi\n";
			showEnvVarsInLog = 0;
		};
		E42962A92163ECCD00A6A9E2 /* Run Script — Compile OF */ = {
			isa = PBXShellScriptBuildPhase;
			alwaysOutOfDate = 1;
			buildActionMask = 2147483647;
			files = (
			);
			inputPaths = (
			);
			name = "Run Script — Compile OF";
			outputPaths = (
			);
			runOnlyForDeploymentPostprocessing = 0;
			shellPath = /bin/sh;
			shellScript = "$OF_CORE_BUILD_COMMAND\n";
			showEnvVarsInLog = 0;
		};
/* End PBXShellScriptBuildPhase section */

/* Begin PBXSourcesBuildPhase section */
		E4B69B580A3A1756003C02F2 /* Sources */ = {
			isa = PBXSourcesBuildPhase;
			buildActionMask = 2147483647;
			files = (
				"8EBD58F2-A20F-455E-B4E8-836791A96393" /* AUParamInfo.cpp in Sources */,
				"067353B1-AB86-4ED2-A66B-E532C98C467A" /* CAAUParameter.cpp in Sources */,
				"E61E6EDA-309E-476F-A487-C19DBFEDFF17" /* CADebugMacros.cpp in Sources */,
				"89861563-C266-417D-9A4B-69D429433D2A" /* TPCircularBuffer.c in Sources */,
				"9DCD6E54-6A6E-4849-8503-DB5BE59B6615" /* ofxAudioUnit.cpp in Sources */,
				"1375490F-FB3B-4DEA-9874-56014AD4B954" /* ofxAudioUnitCocoaUtilties.mm in Sources */,
				"0025F985-0230-4A16-9DDD-A768BFB6205E" /* ofxAudioUnitDSPNode.cpp in Sources */,
				"94AAE764-179E-4FD2-89F3-F20166451741" /* ofxAudioUnitFftNode.cpp in Sources */,
				"7C8BF3F2-ED62-477E-8E23-1115E46CADF3" /* ofxAudioUnitFilePlayer.cpp in Sources */,
				"31412F54-FD3E-45F7-8CF6-88CDD4B43ACA" /* ofxAudioUnitHardwareUtils.cpp in Sources */,
				"58498825-5F2A-45AC-A1C0-A0FB929ACA77" /* ofxAudioUnitInput.cpp in Sources */,
				"C60C3735-7EEE-434D-A5D8-681BE9DF0823" /* ofxAudioUnitMatrixMixer.cpp in Sources */,
				"D5E35FE8-8A79-467D-859D-F0EE0A4D707D" /* ofxAudioUnitMidi.cpp in Sources */,
				"3D07B983-6ABF-4B8E-9792-1DF0F8E60D3F" /* ofxAudioUnitMixer.cpp in Sources */,
				"A5907067-D711-489F-9091-4965E860F9EB" /* ofxAudioUnitNetReceive.cpp in Sources */,
				"B9BC18E3-B952-480E-AF40-0A5E03AC0E7F" /* ofxAudioUnitNetSend.cpp in Sources */,
				"33950E0E-C89F-481E-9703-9B7CCF9374CE" /* ofxAudioUnitOutput.cpp in Sources */,
				"A3E37E29-274B-4216-93EB-EA064D9BCF8C" /* ofxAudioUnitRecorder.cpp in Sources */,
				"F29B402A-C41C-452F-8A2C-466B34450C68" /* ofxAudioUnitSampler.cpp in Sources */,
				"F9E333B5-FB1E-44AC-8E2B-3AAC0AC24A2B" /* ofxAudioUnitSpeechSynth.cpp in Sources */,
				"FC5FF083-A96C-4E68-85B3-06442A7A26D2" /* ofxAudioUnitTap.cpp in Sources */,
			);
			runOnlyForDeploymentPostprocessing = 0;
		};
/* End PBXSourcesBuildPhase section */

/* Begin XCBuildConfiguration section */
		E4B69B4E0A3A1720003C02F2 /* Debug */ = {
			isa = XCBuildConfiguration;
			baseConfigurationReference = E4EB6923138AFD0F00A09F29 /* Project.xcconfig */;
			buildSettings = {
				CODE_SIGN_ENTITLEMENTS = of.entitlements;
				COPY_PHASE_STRIP = NO;
				ENABLE_TESTABILITY = YES;
				GCC_OPTIMIZATION_LEVEL = 0;
				GCC_WARN_UNUSED_VARIABLE = NO;
				HEADER_SEARCH_PATHS = (
					"$(OF_CORE_HEADERS)",
					src,
				);
				OTHER_CPLUSPLUSFLAGS = "-D__MACOSX_CORE__";
			};
			name = Debug;
		};
		E4B69B4F0A3A1720003C02F2 /* Release */ = {
			isa = XCBuildConfiguration;
			baseConfigurationReference = E4EB6923138AFD0F00A09F29 /* Project.xcconfig */;
			buildSettings = {
				CODE_SIGN_ENTITLEMENTS = of.entitlements;
				COPY_PHASE_STRIP = YES;
				GCC_OPTIMIZATION_LEVEL = 3;
				GCC_UNROLL_LOOPS = YES;
				HEADER_SEARCH_PATHS = (
					"$(OF_CORE_HEADERS)",
					src,
				);
				ONLY_ACTIVE_ARCH = YES;
				OTHER_CPLUSPLUSFLAGS = "-D__MACOSX_CORE__";
			};
			name = Release;
		};
		E4B69B600A3A1757003C02F2 /* Debug */ = {
			isa = XCBuildConfiguration;
			baseConfigurationReference = E4EB6923138AFD0F00A09F29 /* Project.xcconfig */;
			buildSettings = {
				ARCHS = "$(ARCHS_STANDARD)";
				COPY_PHASE_STRIP = NO;
				DEFINES_MODULE = YES;
				FRAMEWORK_SEARCH_PATHS = "$(inherited)";
				GCC_DYNAMIC_NO_PIC = NO;
				HEADER_SEARCH_PATHS = (
					"$(OF_CORE_HEADERS)",
					src,
					src,
					../src,
					../src/CAPublicUtility,
					../src/TPCircularBuffer,
				);
				LIBRARY_SEARCH_PATHS = "$(inherited)";
				OTHER_LDFLAGS = (
					"$(OF_CORE_LIBS)",
					"$(OF_CORE_FRAMEWORKS)",
					"$(LIB_OF_DEBUG)",
				);
			};
			name = Debug;
		};
		E4B69B610A3A1757003C02F2 /* Release */ = {
			isa = XCBuildConfiguration;
			baseConfigurationReference = E4EB6923138AFD0F00A09F29 /* Project.xcconfig */;
			buildSettings = {
				ARCHS = "$(ARCHS_STANDARD)";
				COPY_PHASE_STRIP = YES;
				DEFINES_MODULE = YES;
				FRAMEWORK_SEARCH_PATHS = "$(inherited)";
				HEADER_SEARCH_PATHS = (
					"$(OF_CORE_HEADERS)",
					src,
					src,
					../src,
					../src/CAPublicUtility,
					../src/TPCircularBuffer,
				);
				LIBRARY_SEARCH_PATHS = "$(inherited)";
				ONLY_ACTIVE_ARCH = YES;
				OTHER_LDFLAGS = (
					"$(OF_CORE_LIBS)",
					"$(OF_CORE_FRAMEWORKS)",
					"$(LIB_OF)",
				);
				baseConfigurationReference = E4EB6923138AFD0F00A09F29;
			};
			name = Release;
		};
/* End XCBuildConfiguration section */

/* Begin XCConfigurationList section */
		E4B69B4D0A3A1720003C02F2 /* Build configuration list for PBXProject "example-2-oscilloscope" */ = {
			isa = XCConfigurationList;
			buildConfigurations = (
				E4B69B4E0A3A1720003C02F2 /* Debug */,
				E4B69B4F0A3A1720003C02F2 /* Release */,
			);
			defaultConfigurationIsVisible = 0;
			defaultConfigurationName = Release;
		};
		E4B69B5F0A3A1757003C02F2 /* Build configuration list for PBXNativeTarget "example-2-oscilloscope" */ = {
			isa = XCConfigurationList;
			buildConfigurations = (
				E4B69B600A3A1757003C02F2 /* Debug */,
				E4B69B610A3A1757003C02F2 /* Release */,
			);
			defaultConfigurationIsVisible = 0;
			defaultConfigurationName = Release;
		};
/* End XCConfigurationList section */
	};
	rootObject = E4B69B4C0A3A1720003C02F2 /* Project object */;
}
