// !$*UTF8*$!
{
	archiveVersion = 1;
	classes = {
	};
	objectVersion = 70;
	objects = {

/* Begin PBXBuildFile section */
		"01239C51-FF37-48B3-A3C0-4006D2447DD9" /* ofxAudioUnitTap.cpp in Sources */ = {isa = PBXBuildFile; fileRef = "A39735BB-4618-4794-8CCC-699E4593B37D" /* ofxAudioUnitTap.cpp */; };
		"0EC44083-C609-4C12-ABF2-D08A946DDDB1" /* CAAUParameter.cpp in Sources */ = {isa = PBXBuildFile; fileRef = "D2D68567-2363-4DA9-A2C4-7B121B1BBE3A" /* CAAUParameter.cpp */; };
		"31A74207-891E-4DA0-96AA-08F30600EAF1" /* ofxAudioUnitSampler.cpp in Sources */ = {isa = PBXBuildFile; fileRef = "BCD40AD7-4076-443C-A5A2-575A75457E1F" /* ofxAudioUnitSampler.cpp */; };
		"397136DF-6030-43EC-8064-744F659D0904" /* ofxAudioUnitMidi.cpp in Sources */ = {isa = PBXBuildFile; fileRef = "54C55457-5B1A-44E2-9E85-A448F1D47AF8" /* ofxAudioUnitMidi.cpp */; };
		"49DE58C3-3A47-4055-BB27-DB65A2CDF489" /* ofxAudioUnitFftNode.cpp in Sources */ = {isa = PBXBuildFile; fileRef = "64AB4625-1D5D-4440-B609-B631252BB34D" /* ofxAudioUnitFftNode.cpp */; };
		"5174DFC0-81C6-4EEA-80F5-B34A95B9A471" /* ofxAudioUnitHardwareUtils.cpp in Sources */ = {isa = PBXBuildFile; fileRef = "162982B1-DC57-43E6-9362-554F49AA2F66" /* ofxAudioUnitHardwareUtils.cpp */; };
		"65F02D97-0F65-4EFA-A28C-A8B05D260E6C" /* ofxAudioUnitRecorder.cpp in Sources */ = {isa = PBXBuildFile; fileRef = "91E827D3-04CF-4492-BD5C-0EE9CECAC14C" /* ofxAudioUnitRecorder.cpp */; };
		"6753BDA6-73F7-4221-80D9-AB98C2E3B56B" /* TPCircularBuffer.c in Sources */ = {isa = PBXBuildFile; fileRef = "98C92FBA-04C0-48CD-B9DC-84926A6ADC13" /* TPCircularBuffer.c */; };
		"9C8BF028-E6D7-4EBA-80F6-DEDE74A5365D" /* ofxAudioUnitInput.cpp in Sources */ = {isa = PBXBuildFile; fileRef = "CA9C4F3C-6D58-4A58-B5BD-732639D14B0E" /* ofxAudioUnitInput.cpp */; };
		"A054B833-BF76-4173-892F-50E0A9A5183F" /* ofxAudioUnitMatrixMixer.cpp in Sources */ = {isa = PBXBuildFile; fileRef = "6E3FB13C-04D1-4E5B-B8AD-5A9452E3CC8F" /* ofxAudioUnitMatrixMixer.cpp */; };
		"A8A4C25D-A483-4773-9803-015847F39C78" /* ofxAudioUnitSpeechSynth.cpp in Sources */ = {isa = PBXBuildFile; fileRef = "69273B32-494E-4B23-98B5-01FB729DDE57" /* ofxAudioUnitSpeechSynth.cpp */; };
		"B3F7B1D5-9D84-4D25-B884-0D2E4A60E115" /* CADebugMacros.cpp in Sources */ = {isa = PBXBuildFile; fileRef = "12D92E2D-C5F5-498E-8BBF-676A468D6BF3" /* CADebugMacros.cpp */; };
		"BCAAC328-B0A5-42F5-A985-EFBE6EDD453B" /* ofxAudioUnitCocoaUtilties.mm in Sources */ = {isa = PBXBuildFile; fileRef = "522C44D0-1D15-4B02-A425-B3DE9B7A211E" /* ofxAudioUnitCocoaUtilties.mm */; };
		"BF1C47E4-A9B8-43E7-B19B-6DB1CEC04B85" /* ofxAudioUnitNetSend.cpp in Sources */ = {isa = PBXBuildFile; fileRef = "F09AC6B5-91D7-4F1C-8CB6-8F9BFF2EC562" /* ofxAudioUnitNetSend.cpp */; };
		"BFC3C30E-B787-4F48-8CA4-A5DE3C100131" /* AUParamInfo.cpp in Sources */ = {isa = PBXBuildFile; fileRef = "07D58FB1-83CB-44C3-ABB1-54DAD963D74B" /* AUParamInfo.cpp */; };
		"C3172F7F-3788-4497-BA8F-AA6758E1DF48" /* ofxAudioUnitMixer.cpp in Sources */ = {isa = PBXBuildFile; fileRef = "BCD7B3DE-D085-4CAC-B2C1-96612503D006" /* ofxAudioUnitMixer.cpp */; };
		"CA78A836-128F-4652-B18B-0551C9151919" /* CoreMIDI.framework in Frameworks */ = {isa = PBXBuildFile; fileRef = "3446B570-0612-445C-8B48-685298230704" /* CoreMIDI.framework */; };
		"CD7A27F0-CABF-4EB1-AD34-29DB177FCE7F" /* AudioUnit.framework in Frameworks */ = {isa = PBXBuildFile; fileRef = "605EADD6-AC7A-45D8-AF5C-217F9EDC46E3" /* AudioUnit.framework */; };
		"CEBC5A07-81D3-41DA-A253-C6C2787FB10B" /* ofxAudioUnitDSPNode.cpp in Sources */ = {isa = PBXBuildFile; fileRef = "AD4B5AD4-DD2B-4AD8-85E6-71CEA113CF78" /* ofxAudioUnitDSPNode.cpp */; };
		"D13FBA46-1DC8-49DB-8053-00979AA8364D" /* CoreAudioKit.framework in Frameworks */ = {isa = PBXBuildFile; fileRef = "8B5B5EF0-6A9E-4DBE-8FB4-8E05BB589BC3" /* CoreAudioKit.framework */; };
		"D165EE39-FC99-40CB-9871-233DC72C7F08" /* ofxAudioUnitNetReceive.cpp in Sources */ = {isa = PBXBuildFile; fileRef = "9382F72B-2E83-4570-8F20-464C32CF6904" /* ofxAudioUnitNetReceive.cpp */; };
		"D79A97C0-7A26-4E7A-9C88-CCEAFCAE8723" /* ofxAudioUnitOutput.cpp in Sources */ = {isa = PBXBuildFile; fileRef = "79FBE432-E731-49CB-8020-9253665F68DC" /* ofxAudioUnitOutput.cpp */; };
		"EC63DBCE-37BA-45FF-BFDD-613779B0DDCE" /* ofxAudioUnit.cpp in Sources */ = {isa = PBXBuildFile; fileRef = "2E6784DE-F3F1-4CA4-8E90-5526D7A9A638" /* ofxAudioUnit.cpp */; };
		"EEEA4F95-B809-4B8A-896E-291833C27B1F" /* ofxAudioUnitFilePlayer.cpp in Sources */ = {isa = PBXBuildFile; fileRef = "25C84BAF-2B23-4D64-A8C7-A6FD8F4E57C0" /* ofxAudioUnitFilePlayer.cpp */; };
/* End PBXBuildFile section */

/* Begin PBXCopyFilesBuildPhase section */
		E4A5B60F29BAAAE400C2D356 /* CopyFiles */ = {
			isa = PBXCopyFilesBuildPhase;
			buildActionMask = 2147483647;
			dstPath = "";
			dstSubfolderSpec = 6;
			files = (
			);
			runOnlyForDeploymentPostprocessing = 0;
		};
		E4C2427710CC5ABF004149E2 /* CopyFiles */ = {
			isa = PBXCopyFilesBuildPhase;
			buildActionMask = 2147483647;
			dstPath = "";
			dstSubfolderSpec = 10;
			files = (
			);
			runOnlyForDeploymentPostprocessing = 0;
		};
/* End PBXCopyFilesBuildPhase section */

/* Begin PBXFileReference section */
		"056154D5-8265-4969-BBD8-2841F9C0418B" /* ofxAudioUnitUtils.h */ = {isa = PBXFileReference; fileEncoding = 4; lastKnownFileType = sourcecode.cpp.h; path = ofxAudioUnitUtils.h; sourceTree = "<group>"; };
		"07D58FB1-83CB-44C3-ABB1-54DAD963D74B" /* AUParamInfo.cpp */ = {isa = PBXFileReference; fileEncoding = 4; lastKnownFileType = sourcecode.cpp.cpp; path = AUParamInfo.cpp; sourceTree = "<group>"; };
		"09CE9E72-CF50-4CE7-BAAC-13484DEA4CBC" /* ofxAudioUnitFftNode.h */ = {isa = PBXFileReference; fileEncoding = 4; lastKnownFileType = sourcecode.cpp.h; path = ofxAudioUnitFftNode.h; sourceTree = "<group>"; };
		"0D68CF8F-4CB9-477F-AD62-90C11FC3FE84" /* ofxAudioUnitSampler.h */ = {isa = PBXFileReference; fileEncoding = 4; lastKnownFileType = sourcecode.cpp.h; path = ofxAudioUnitSampler.h; sourceTree = "<group>"; };
		"0E328362-62AE-4A39-92FD-0FE6B621E997" /* ofxAudioUnitMixer.h */ = {isa = PBXFileReference; fileEncoding = 4; lastKnownFileType = sourcecode.cpp.h; path = ofxAudioUnitMixer.h; sourceTree = "<group>"; };
		"12D92E2D-C5F5-498E-8BBF-676A468D6BF3" /* CADebugMacros.cpp */ = {isa = PBXFileReference; fileEncoding = 4; lastKnownFileType = sourcecode.cpp.cpp; path = CADebugMacros.cpp; sourceTree = "<group>"; };
		"162982B1-DC57-43E6-9362-554F49AA2F66" /* ofxAudioUnitHardwareUtils.cpp */ = {isa = PBXFileReference; fileEncoding = 4; lastKnownFileType = sourcecode.cpp.cpp; path = ofxAudioUnitHardwareUtils.cpp; sourceTree = "<group>"; };
		191CD6FA2847E21E0085CBB6 /* of.entitlements */ = {isa = PBXFileReference; fileEncoding = 4; lastKnownFileType = text.plist.entitlements; path = of.entitlements; sourceTree = "<group>"; };
		191EF70929D778A400F35F26 /* openFrameworks */ = {isa = PBXFileReference; lastKnownFileType = folder; name = openFrameworks; path = ../../../libs/openFrameworks; sourceTree = SOURCE_ROOT; };
		"25C84BAF-2B23-4D64-A8C7-A6FD8F4E57C0" /* ofxAudioUnitFilePlayer.cpp */ = {isa = PBXFileReference; fileEncoding = 4; lastKnownFileType = sourcecode.cpp.cpp; path = ofxAudioUnitFilePlayer.cpp; sourceTree = "<group>"; };
		"29DFA2C1-370E-4659-987B-9F63B10C62F6" /* data */ = {isa = PBXFileReference; fileEncoding = 4; lastKnownFileType = folder; name = data; path = bin/data; sourceTree = SOURCE_ROOT; };
		"2E6784DE-F3F1-4CA4-8E90-5526D7A9A638" /* ofxAudioUnit.cpp */ = {isa = PBXFileReference; fileEncoding = 4; lastKnownFileType = sourcecode.cpp.cpp; path = ofxAudioUnit.cpp; sourceTree = "<group>"; };
		"32C14458-6EC6-45AC-AC9D-688D686869A0" /* ofxAudioUnitBase.h */ = {isa = PBXFileReference; fileEncoding = 4; lastKnownFileType = sourcecode.cpp.h; path = ofxAudioUnitBase.h; sourceTree = "<group>"; };
		"3446B570-0612-445C-8B48-685298230704" /* CoreMIDI.framework */ = {isa = PBXFileReference; fileEncoding = 4; lastKnownFileType = wrapper.framework; name = CoreMIDI.framework; path = System/Library/Frameworks/CoreMIDI.framework; sourceTree = SDKROOT; };
		"3678FF98-40D7-4F82-A1A1-63CCB7150CE5" /* CADebugMacros.h */ = {isa = PBXFileReference; fileEncoding = 4; lastKnownFileType = sourcecode.cpp.h; path = CADebugMacros.h; sourceTree = "<group>"; };
		"40E6C447-0095-4036-90EF-F81C63EE088E" /* AUParamInfo.h */ = {isa = PBXFileReference; fileEncoding = 4; lastKnownFileType = sourcecode.cpp.h; path = AUParamInfo.h; sourceTree = "<group>"; };
		"45DF9FB5-BA72-4C17-88CA-115D800645F5" /* ofxAudioUnitSpeechSynth.h */ = {isa = PBXFileReference; fileEncoding = 4; lastKnownFileType = sourcecode.cpp.h; path = ofxAudioUnitSpeechSynth.h; sourceTree = "<group>"; };
		"522C44D0-1D15-4B02-A425-B3DE9B7A211E" /* ofxAudioUnitCocoaUtilties.mm */ = {isa = PBXFileReference; fileEncoding = 4; lastKnownFileType = sourcecode.cpp.objcpp; path = ofxAudioUnitCocoaUtilties.mm; sourceTree = "<group>"; };
		"54C55457-5B1A-44E2-9E85-A448F1D47AF8" /* ofxAudioUnitMidi.cpp */ = {isa = PBXFileReference; fileEncoding = 4; lastKnownFileType = sourcecode.cpp.cpp; path = ofxAudioUnitMidi.cpp; sourceTree = "<group>"; };
		"605EADD6-AC7A-45D8-AF5C-217F9EDC46E3" /* AudioUnit.framework */ = {isa = PBXFileReference; fileEncoding = 4; lastKnownFileType = wrapper.framework; name = AudioUnit.framework; path = System/Library/Frameworks/AudioUnit.framework; sourceTree = SDKROOT; };
		"64AB4625-1D5D-4440-B609-B631252BB34D" /* ofxAudioUnitFftNode.cpp */ = {isa = PBXFileReference; fileEncoding = 4; lastKnownFileType = sourcecode.cpp.cpp; path = ofxAudioUnitFftNode.cpp; sourceTree = "<group>"; };
		"69273B32-494E-4B23-98B5-01FB729DDE57" /* ofxAudioUnitSpeechSynth.cpp */ = {isa = PBXFileReference; fileEncoding = 4; lastKnownFileType = sourcecode.cpp.cpp; path = ofxAudioUnitSpeechSynth.cpp; sourceTree = "<group>"; };
		"697702B4-00F2-4981-A135-87A0D3405DC7" /* TPCircularBuffer.h */ = {isa = PBXFileReference; fileEncoding = 4; lastKnownFileType = sourcecode.cpp.h; path = TPCircularBuffer.h; sourceTree = "<group>"; };
		"6BC14772-09B6-49C4-8F2F-8CD512E79761" /* ofxAudioUnitNetReceive.h */ = {isa = PBXFileReference; fileEncoding = 4; lastKnownFileType = sourcecode.cpp.h; path = ofxAudioUnitNetReceive.h; sourceTree = "<group>"; };
		"6E3FB13C-04D1-4E5B-B8AD-5A9452E3CC8F" /* ofxAudioUnitMatrixMixer.cpp */ = {isa = PBXFileReference; fileEncoding = 4; lastKnownFileType = sourcecode.cpp.cpp; path = ofxAudioUnitMatrixMixer.cpp; sourceTree = "<group>"; };
		"7479638F-8523-4234-A0B0-ECE67B395701" /* ofxAudioUnit.h */ = {isa = PBXFileReference; fileEncoding = 4; lastKnownFileType = sourcecode.cpp.h; path = ofxAudioUnit.h; sourceTree = "<group>"; };
		"79FBE432-E731-49CB-8020-9253665F68DC" /* ofxAudioUnitOutput.cpp */ = {isa = PBXFileReference; fileEncoding = 4; lastKnownFileType = sourcecode.cpp.cpp; path = ofxAudioUnitOutput.cpp; sourceTree = "<group>"; };
		"81651AC6-0EC2-4C56-8DEF-9AB1A38319DE" /* ofxAudioUnitMatrixMixer.h */ = {isa = PBXFileReference; fileEncoding = 4; lastKnownFileType = sourcecode.cpp.h; path = ofxAudioUnitMatrixMixer.h; sourceTree = "<group>"; };
		"893460BA-E56F-44C3-BBE2-4D22ACF3B722" /* ofxAudioUnitTap.h */ = {isa = PBXFileReference; fileEncoding = 4; lastKnownFileType = sourcecode.cpp.h; path = ofxAudioUnitTap.h; sourceTree = "<group>"; };
		"8B5B5EF0-6A9E-4DBE-8FB4-8E05BB589BC3" /* CoreAudioKit.framework */ = {isa = PBXFileReference; fileEncoding = 4; lastKnownFileType = wrapper.framework; name = CoreAudioKit.framework; path = System/Library/Frameworks/CoreAudioKit.framework; sourceTree = SDKROOT; };
		"91E827D3-04CF-4492-BD5C-0EE9CECAC14C" /* ofxAudioUnitRecorder.cpp */ = {isa = PBXFileReference; fileEncoding = 4; lastKnownFileType = sourcecode.cpp.cpp; path = ofxAudioUnitRecorder.cpp; sourceTree = "<group>"; };
		"9382F72B-2E83-4570-8F20-464C32CF6904" /* ofxAudioUnitNetReceive.cpp */ = {isa = PBXFileReference; fileEncoding = 4; lastKnownFileType = sourcecode.cpp.cpp; path = ofxAudioUnitNetReceive.cpp; sourceTree = "<group>"; };
		"98C92FBA-04C0-48CD-B9DC-84926A6ADC13" /* TPCircularBuffer.c */ = {isa = PBXFileReference; fileEncoding = 4; lastKnownFileType = sourcecode.cpp.c; path = TPCircularBuffer.c; sourceTree = "<group>"; };
		"A39735BB-4618-4794-8CCC-699E4593B37D" /* ofxAudioUnitTap.cpp */ = {isa = PBXFileReference; fileEncoding = 4; lastKnownFileType = sourcecode.cpp.cpp; path = ofxAudioUnitTap.cpp; sourceTree = "<group>"; };
		"A85B2902-2BEC-4ADB-AA2F-D506CB1BF960" /* ofxAudioUnitInput.h */ = {isa = PBXFileReference; fileEncoding = 4; lastKnownFileType = sourcecode.cpp.h; path = ofxAudioUnitInput.h; sourceTree = "<group>"; };
		"AB014EF0-269E-44AC-8CEA-09C9023D223C" /* ofxAudioUnitMidi.h */ = {isa = PBXFileReference; fileEncoding = 4; lastKnownFileType = sourcecode.cpp.h; path = ofxAudioUnitMidi.h; sourceTree = "<group>"; };
		"AD4B5AD4-DD2B-4AD8-85E6-71CEA113CF78" /* ofxAudioUnitDSPNode.cpp */ = {isa = PBXFileReference; fileEncoding = 4; lastKnownFileType = sourcecode.cpp.cpp; path = ofxAudioUnitDSPNode.cpp; sourceTree = "<group>"; };
		"AFC10EDA-FA88-4EE4-8D08-D29412B6F650" /* ofxAudioUnitHardwareUtils.h */ = {isa = PBXFileReference; fileEncoding = 4; lastKnownFileType = sourcecode.cpp.h; path = ofxAudioUnitHardwareUtils.h; sourceTree = "<group>"; };
		"B68ED96B-4F71-4231-97AD-3A3F714E9535" /* ofxAudioUnitFilePlayer.h */ = {isa = PBXFileReference; fileEncoding = 4; lastKnownFileType = sourcecode.cpp.h; path = ofxAudioUnitFilePlayer.h; sourceTree = "<group>"; };
		"B94F9645-7FB4-40EA-8620-07A14C266589" /* ofxAudioUnitDSPNode.h */ = {isa = PBXFileReference; fileEncoding = 4; lastKnownFileType = sourcecode.cpp.h; path = ofxAudioUnitDSPNode.h; sourceTree = "<group>"; };
		"BCD40AD7-4076-443C-A5A2-575A75457E1F" /* ofxAudioUnitSampler.cpp */ = {isa = PBXFileReference; fileEncoding = 4; lastKnownFileType = sourcecode.cpp.cpp; path = ofxAudioUnitSampler.cpp; sourceTree = "<group>"; };
		"BCD7B3DE-D085-4CAC-B2C1-96612503D006" /* ofxAudioUnitMixer.cpp */ = {isa = PBXFileReference; fileEncoding = 4; lastKnownFileType = sourcecode.cpp.cpp; path = ofxAudioUnitMixer.cpp; sourceTree = "<group>"; };
		"C6BEE815-99D1-4D91-8ABE-97D72D61159F" /* ofxAudioUnitNetSend.h */ = {isa = PBXFileReference; fileEncoding = 4; lastKnownFileType = sourcecode.cpp.h; path = ofxAudioUnitNetSend.h; sourceTree = "<group>"; };
		"CA9C4F3C-6D58-4A58-B5BD-732639D14B0E" /* ofxAudioUnitInput.cpp */ = {isa = PBXFileReference; fileEncoding = 4; lastKnownFileType = sourcecode.cpp.cpp; path = ofxAudioUnitInput.cpp; sourceTree = "<group>"; };
		"D1996E2D-4966-44AD-9633-A30447B28E09" /* ofxAudioUnitRecorder.h */ = {isa = PBXFileReference; fileEncoding = 4; lastKnownFileType = sourcecode.cpp.h; path = ofxAudioUnitRecorder.h; sourceTree = "<group>"; };
		"D2D68567-2363-4DA9-A2C4-7B121B1BBE3A" /* CAAUParameter.cpp */ = {isa = PBXFileReference; fileEncoding = 4; lastKnownFileType = sourcecode.cpp.cpp; path = CAAUParameter.cpp; sourceTree = "<group>"; };
		"D9D8BD3E-EAC1-44A1-9802-A7D013051E53" /* CAXException.h */ = {isa = PBXFileReference; fileEncoding = 4; lastKnownFileType = sourcecode.cpp.h; path = CAXException.h; sourceTree = "<group>"; };
		E4B69B5B0A3A1756003C02F2 /* .app */ = {isa = PBXFileReference; explicitFileType = wrapper.application; includeInIndex = 0; path = .app; sourceTree = BUILT_PRODUCTS_DIR; };
		E4B6FCAD0C3E899E008CF71C /* openFrameworks-Info.plist */ = {isa = PBXFileReference; fileEncoding = 4; lastKnownFileType = text.plist.xml; path = "openFrameworks-Info.plist"; sourceTree = "<group>"; };
		E4EB6923138AFD0F00A09F29 /* Project.xcconfig */ = {isa = PBXFileReference; fileEncoding = 4; lastKnownFileType = text.xcconfig; path = Project.xcconfig; sourceTree = "<group>"; };
		"E5835A88-670D-4591-B1F3-7A41D3A554BD" /* CAAUParameter.h */ = {isa = PBXFileReference; fileEncoding = 4; lastKnownFileType = sourcecode.cpp.h; path = CAAUParameter.h; sourceTree = "<group>"; };
		"F09AC6B5-91D7-4F1C-8CB6-8F9BFF2EC562" /* ofxAudioUnitNetSend.cpp */ = {isa = PBXFileReference; fileEncoding = 4; lastKnownFileType = sourcecode.cpp.cpp; path = ofxAudioUnitNetSend.cpp; sourceTree = "<group>"; };
		"FF9B3B0F-FA39-4CC6-A40F-592F559509E7" /* ofxAudioUnitOutput.h */ = {isa = PBXFileReference; fileEncoding = 4; lastKnownFileType = sourcecode.cpp.h; path = ofxAudioUnitOutput.h; sourceTree = "<group>"; };
/* End PBXFileReference section */

/* Begin PBXFileSystemSynchronizedRootGroup section */
		037A58C72CD6B54100CF8AC1 /* src */ = {isa = PBXFileSystemSynchronizedRootGroup; explicitFileTypes = {}; explicitFolders = (); path = src; sourceTree = SOURCE_ROOT; };
/* End PBXFileSystemSynchronizedRootGroup section */

/* Begin PBXFrameworksBuildPhase section */
		E4B69B590A3A1756003C02F2 /* Frameworks */ = {
			isa = PBXFrameworksBuildPhase;
			buildActionMask = 2147483647;
			files = (
				"CA78A836-128F-4652-B18B-0551C9151919" /* CoreMIDI.framework in Frameworks */,
				"D13FBA46-1DC8-49DB-8053-00979AA8364D" /* CoreAudioKit.framework in Frameworks */,
				"CD7A27F0-CABF-4EB1-AD34-29DB177FCE7F" /* AudioUnit.framework in Frameworks */,
			);
			runOnlyForDeploymentPostprocessing = 0;
		};
/* End PBXFrameworksBuildPhase section */

/* Begin PBXGroup section */
		"2DDA5B03-2152-4596-BFDE-58174CDB0890" /* TPCircularBuffer */ = {
			isa = PBXGroup;
			children = (
				"98C92FBA-04C0-48CD-B9DC-84926A6ADC13" /* TPCircularBuffer.c */,
				"697702B4-00F2-4981-A135-87A0D3405DC7" /* TPCircularBuffer.h */,
			);
			path = TPCircularBuffer;
			sourceTree = "<group>";
		};
		"78C7F7AB-65C9-4158-B751-42A15F5A6790" /* CAPublicUtility */ = {
			isa = PBXGroup;
			children = (
				"07D58FB1-83CB-44C3-ABB1-54DAD963D74B" /* AUParamInfo.cpp */,
				"40E6C447-0095-4036-90EF-F81C63EE088E" /* AUParamInfo.h */,
				"D2D68567-2363-4DA9-A2C4-7B121B1BBE3A" /* CAAUParameter.cpp */,
				"E5835A88-670D-4591-B1F3-7A41D3A554BD" /* CAAUParameter.h */,
				"12D92E2D-C5F5-498E-8BBF-676A468D6BF3" /* CADebugMacros.cpp */,
				"3678FF98-40D7-4F82-A1A1-63CCB7150CE5" /* CADebugMacros.h */,
				"D9D8BD3E-EAC1-44A1-9802-A7D013051E53" /* CAXException.h */,
			);
			path = CAPublicUtility;
			sourceTree = "<group>";
		};
		"81F0F313-16DF-44FC-A8A7-3CF3A3EEE87A" /* Frameworks */ = {
			isa = PBXGroup;
			children = (
				"3446B570-0612-445C-8B48-685298230704" /* CoreMIDI.framework */,
				"8B5B5EF0-6A9E-4DBE-8FB4-8E05BB589BC3" /* CoreAudioKit.framework */,
				"605EADD6-AC7A-45D8-AF5C-217F9EDC46E3" /* AudioUnit.framework */,
			);
			name = Frameworks;
			sourceTree = SOURCE_ROOT;
		};
		BB4B014C10F69532006C3DED /* addons */ = {
			isa = PBXGroup;
			children = (
				"D01DAF4E-3527-452F-92A6-DF47BB11539E" /* ofxAudioUnit */,
			);
			name = addons;
			path = ../../../addons;
			sourceTree = SOURCE_ROOT;
		};
		"D01DAF4E-3527-452F-92A6-DF47BB11539E" /* ofxAudioUnit */ = {
			isa = PBXGroup;
			children = (
				"EB09EAED-FF1E-4111-8E75-F0FC8991FED3" /* src */,
			);
			path = ofxAudioUnit;
			sourceTree = "<group>";
		};
		E4B69B4A0A3A1720003C02F2 = {
			isa = PBXGroup;
			children = (
				037A58C72CD6B54100CF8AC1 /* src */,
				191CD6FA2847E21E0085CBB6 /* of.entitlements */,
				E4B6FCAD0C3E899E008CF71C /* openFrameworks-Info.plist */,
				E4EB6923138AFD0F00A09F29 /* Project.xcconfig */,
				191EF70929D778A400F35F26 /* openFrameworks */,
				BB4B014C10F69532006C3DED /* addons */,
				E4B69B5B0A3A1756003C02F2 /* .app */,
				"81F0F313-16DF-44FC-A8A7-3CF3A3EEE87A" /* Frameworks */,
				"29DFA2C1-370E-4659-987B-9F63B10C62F6" /* data */,
			);
			sourceTree = "<group>";
		};
		"EB09EAED-FF1E-4111-8E75-F0FC8991FED3" /* src */ = {
			isa = PBXGroup;
			children = (
				"78C7F7AB-65C9-4158-B751-42A15F5A6790" /* CAPublicUtility */,
				"2DDA5B03-2152-4596-BFDE-58174CDB0890" /* TPCircularBuffer */,
				"2E6784DE-F3F1-4CA4-8E90-5526D7A9A638" /* ofxAudioUnit.cpp */,
				"7479638F-8523-4234-A0B0-ECE67B395701" /* ofxAudioUnit.h */,
				"32C14458-6EC6-45AC-AC9D-688D686869A0" /* ofxAudioUnitBase.h */,
				"522C44D0-1D15-4B02-A425-B3DE9B7A211E" /* ofxAudioUnitCocoaUtilties.mm */,
				"AD4B5AD4-DD2B-4AD8-85E6-71CEA113CF78" /* ofxAudioUnitDSPNode.cpp */,
				"B94F9645-7FB4-40EA-8620-07A14C266589" /* ofxAudioUnitDSPNode.h */,
				"64AB4625-1D5D-4440-B609-B631252BB34D" /* ofxAudioUnitFftNode.cpp */,
				"09CE9E72-CF50-4CE7-BAAC-13484DEA4CBC" /* ofxAudioUnitFftNode.h */,
				"25C84BAF-2B23-4D64-A8C7-A6FD8F4E57C0" /* ofxAudioUnitFilePlayer.cpp */,
				"B68ED96B-4F71-4231-97AD-3A3F714E9535" /* ofxAudioUnitFilePlayer.h */,
				"162982B1-DC57-43E6-9362-554F49AA2F66" /* ofxAudioUnitHardwareUtils.cpp */,
				"AFC10EDA-FA88-4EE4-8D08-D29412B6F650" /* ofxAudioUnitHardwareUtils.h */,
				"CA9C4F3C-6D58-4A58-B5BD-732639D14B0E" /* ofxAudioUnitInput.cpp */,
				"A85B2902-2BEC-4ADB-AA2F-D506CB1BF960" /* ofxAudioUnitInput.h */,
				"6E3FB13C-04D1-4E5B-B8AD-5A9452E3CC8F" /* ofxAudioUnitMatrixMixer.cpp */,
				"81651AC6-0EC2-4C56-8DEF-9AB1A38319DE" /* ofxAudioUnitMatrixMixer.h */,
				"54C55457-5B1A-44E2-9E85-A448F1D47AF8" /* ofxAudioUnitMidi.cpp */,
				"AB014EF0-269E-44AC-8CEA-09C9023D223C" /* ofxAudioUnitMidi.h */,
				"BCD7B3DE-D085-4CAC-B2C1-96612503D006" /* ofxAudioUnitMixer.cpp */,
				"0E328362-62AE-4A39-92FD-0FE6B621E997" /* ofxAudioUnitMixer.h */,
				"9382F72B-2E83-4570-8F20-464C32CF6904" /* ofxAudioUnitNetReceive.cpp */,
				"6BC14772-09B6-49C4-8F2F-8CD512E79761" /* ofxAudioUnitNetReceive.h */,
				"F09AC6B5-91D7-4F1C-8CB6-8F9BFF2EC562" /* ofxAudioUnitNetSend.cpp */,
				"C6BEE815-99D1-4D91-8ABE-97D72D61159F" /* ofxAudioUnitNetSend.h */,
				"79FBE432-E731-49CB-8020-9253665F68DC" /* ofxAudioUnitOutput.cpp */,
				"FF9B3B0F-FA39-4CC6-A40F-592F559509E7" /* ofxAudioUnitOutput.h */,
				"91E827D3-04CF-4492-BD5C-0EE9CECAC14C" /* ofxAudioUnitRecorder.cpp */,
				"D1996E2D-4966-44AD-9633-A30447B28E09" /* ofxAudioUnitRecorder.h */,
				"BCD40AD7-4076-443C-A5A2-575A75457E1F" /* ofxAudioUnitSampler.cpp */,
				"0D68CF8F-4CB9-477F-AD62-90C11FC3FE84" /* ofxAudioUnitSampler.h */,
				"69273B32-494E-4B23-98B5-01FB729DDE57" /* ofxAudioUnitSpeechSynth.cpp */,
				"45DF9FB5-BA72-4C17-88CA-115D800645F5" /* ofxAudioUnitSpeechSynth.h */,
				"A39735BB-4618-4794-8CCC-699E4593B37D" /* ofxAudioUnitTap.cpp */,
				"893460BA-E56F-44C3-BBE2-4D22ACF3B722" /* ofxAudioUnitTap.h */,
				"056154D5-8265-4969-BBD8-2841F9C0418B" /* ofxAudioUnitUtils.h */,
			);
			path = src;
			sourceTree = "<group>";
		};
/* End PBXGroup section */

/* Begin PBXNativeTarget section */
		E4B69B5A0A3A1756003C02F2 /* example-1-hello */ = {
			isa = PBXNativeTarget;
			buildConfigurationList = E4B69B5F0A3A1757003C02F2 /* Build configuration list for PBXNativeTarget "example-1-hello" */;
			buildPhases = (
				BF26640B2C634C16004360E2 /* ShellScript */,
				E42962A92163ECCD00A6A9E2 /* Run Script — Compile OF */,
				E4B69B580A3A1756003C02F2 /* Sources */,
				E4B69B590A3A1756003C02F2 /* Frameworks */,
				E4C2427710CC5ABF004149E2 /* CopyFiles */,
				E4A5B60F29BAAAE400C2D356 /* CopyFiles */,
				19B789C429E5AB4A0082E9B8 /* ShellScript */,
			);
			buildRules = (
			);
			dependencies = (
			);
			fileSystemSynchronizedGroups = (
				037A58C72CD6B54100CF8AC1 /* src */,
			);
			name = "example-1-hello";
			productName = myOFApp;
			productReference = E4B69B5B0A3A1756003C02F2 /* .app */;
			productType = "com.apple.product-type.application";
		};
/* End PBXNativeTarget section */

/* Begin PBXProject section */
		E4B69B4C0A3A1720003C02F2 /* Project object */ = {
			isa = PBXProject;
			attributes = {
				BuildIndependentTargetsInParallel = YES;
				LastUpgradeCheck = 1540;
			};
			buildConfigurationList = E4B69B4D0A3A1720003C02F2 /* Build configuration list for PBXProject "example-1-hello" */;
			compatibilityVersion = "Xcode 3.2";
			developmentRegion = en;
			hasScannedForEncodings = 0;
			knownRegions = (
				en,
				Base,
			);
			mainGroup = E4B69B4A0A3A1720003C02F2;
			productRefGroup = E4B69B4A0A3A1720003C02F2;
			projectDirPath = "";
			projectRoot = "";
			targets = (
				E4B69B5A0A3A1756003C02F2 /* example-1-hello */,
			);
		};
/* End PBXProject section */

/* Begin PBXShellScriptBuildPhase section */
		19B789C429E5AB4A0082E9B8 /* ShellScript */ = {
			isa = PBXShellScriptBuildPhase;
			alwaysOutOfDate = 1;
			buildActionMask = 2147483647;
			files = (
			);
			inputFileListPaths = (
			);
			inputPaths = (
			);
			outputFileListPaths = (
			);
			outputPaths = (
			);
			runOnlyForDeploymentPostprocessing = 0;
			shellPath = /bin/sh;
			shellScript = "\"$OF_PATH/scripts/osx/xcode_project.sh\"\n";
			showEnvVarsInLog = 0;
		};
		BF26640B2C634C16004360E2 /* ShellScript */ = {
			isa = PBXShellScriptBuildPhase;
			alwaysOutOfDate = 1;
			buildActionMask = 2147483647;
			files = (
			);
			inputFileListPaths = (
			);
			inputPaths = (
			);
			outputFileListPaths = (
			);
			outputPaths = (
			);
			runOnlyForDeploymentPostprocessing = 0;
			shellPath = "/usr/bin/env bash";
			shellScript = "#!/usr/bin/env bash\nif [ ! -d \"${OF_PATH}/libs/freetype/lib/macos/freetype.xcframework\" ]; then\n\techo \"openFrameworks has missing xcFrameworks for osx. Downloading libaries now via scripts/osx/download_libs.sh\"\n    ${OF_PATH}/scripts/osx/download_libs.sh\nelse\n\techo \"xcFrameworks found\"\nfi\n";
			showEnvVarsInLog = 0;
		};
		E42962A92163ECCD00A6A9E2 /* Run Script — Compile OF */ = {
			isa = PBXShellScriptBuildPhase;
			alwaysOutOfDate = 1;
			buildActionMask = 2147483647;
			files = (
			);
			inputPaths = (
			);
			name = "Run Script — Compile OF";
			outputPaths = (
			);
			runOnlyForDeploymentPostprocessing = 0;
			shellPath = /bin/sh;
			shellScript = "$OF_CORE_BUILD_COMMAND\n";
			showEnvVarsInLog = 0;
		};
/* End PBXShellScriptBuildPhase section */

/* Begin PBXSourcesBuildPhase section */
		E4B69B580A3A1756003C02F2 /* Sources */ = {
			isa = PBXSourcesBuildPhase;
			buildActionMask = 2147483647;
			files = (
				"BFC3C30E-B787-4F48-8CA4-A5DE3C100131" /* AUParamInfo.cpp in Sources */,
				"0EC44083-C609-4C12-ABF2-D08A946DDDB1" /* CAAUParameter.cpp in Sources */,
				"B3F7B1D5-9D84-4D25-B884-0D2E4A60E115" /* CADebugMacros.cpp in Sources */,
				"6753BDA6-73F7-4221-80D9-AB98C2E3B56B" /* TPCircularBuffer.c in Sources */,
				"EC63DBCE-37BA-45FF-BFDD-613779B0DDCE" /* ofxAudioUnit.cpp in Sources */,
				"BCAAC328-B0A5-42F5-A985-EFBE6EDD453B" /* ofxAudioUnitCocoaUtilties.mm in Sources */,
				"CEBC5A07-81D3-41DA-A253-C6C2787FB10B" /* ofxAudioUnitDSPNode.cpp in Sources */,
				"49DE58C3-3A47-4055-BB27-DB65A2CDF489" /* ofxAudioUnitFftNode.cpp in Sources */,
				"EEEA4F95-B809-4B8A-896E-291833C27B1F" /* ofxAudioUnitFilePlayer.cpp in Sources */,
				"5174DFC0-81C6-4EEA-80F5-B34A95B9A471" /* ofxAudioUnitHardwareUtils.cpp in Sources */,
				"9C8BF028-E6D7-4EBA-80F6-DEDE74A5365D" /* ofxAudioUnitInput.cpp in Sources */,
				"A054B833-BF76-4173-892F-50E0A9A5183F" /* ofxAudioUnitMatrixMixer.cpp in Sources */,
				"397136DF-6030-43EC-8064-744F659D0904" /* ofxAudioUnitMidi.cpp in Sources */,
				"C3172F7F-3788-4497-BA8F-AA6758E1DF48" /* ofxAudioUnitMixer.cpp in Sources */,
				"D165EE39-FC99-40CB-9871-233DC72C7F08" /* ofxAudioUnitNetReceive.cpp in Sources */,
				"BF1C47E4-A9B8-43E7-B19B-6DB1CEC04B85" /* ofxAudioUnitNetSend.cpp in Sources */,
				"D79A97C0-7A26-4E7A-9C88-CCEAFCAE8723" /* ofxAudioUnitOutput.cpp in Sources */,
				"65F02D97-0F65-4EFA-A28C-A8B05D260E6C" /* ofxAudioUnitRecorder.cpp in Sources */,
				"31A74207-891E-4DA0-96AA-08F30600EAF1" /* ofxAudioUnitSampler.cpp in Sources */,
				"A8A4C25D-A483-4773-9803-015847F39C78" /* ofxAudioUnitSpeechSynth.cpp in Sources */,
				"01239C51-FF37-48B3-A3C0-4006D2447DD9" /* ofxAudioUnitTap.cpp in Sources */,
			);
			runOnlyForDeploymentPostprocessing = 0;
		};
/* End PBXSourcesBuildPhase section */

/* Begin XCBuildConfiguration section */
		E4B69B4E0A3A1720003C02F2 /* Debug */ = {
			isa = XCBuildConfiguration;
			baseConfigurationReference = E4EB6923138AFD0F00A09F29 /* Project.xcconfig */;
			buildSettings = {
				CODE_SIGN_ENTITLEMENTS = of.entitlements;
				COPY_PHASE_STRIP = NO;
				ENABLE_TESTABILITY = YES;
				GCC_OPTIMIZATION_LEVEL = 0;
				GCC_WARN_UNUSED_VARIABLE = NO;
				HEADER_SEARCH_PATHS = (
					"$(OF_CORE_HEADERS)",
					src,
				);
				OTHER_CPLUSPLUSFLAGS = "-D__MACOSX_CORE__";
			};
			name = Debug;
		};
		E4B69B4F0A3A1720003C02F2 /* Release */ = {
			isa = XCBuildConfiguration;
			baseConfigurationReference = E4EB6923138AFD0F00A09F29 /* Project.xcconfig */;
			buildSettings = {
				CODE_SIGN_ENTITLEMENTS = of.entitlements;
				COPY_PHASE_STRIP = YES;
				GCC_OPTIMIZATION_LEVEL = 3;
				GCC_UNROLL_LOOPS = YES;
				HEADER_SEARCH_PATHS = (
					"$(OF_CORE_HEADERS)",
					src,
				);
				ONLY_ACTIVE_ARCH = YES;
				OTHER_CPLUSPLUSFLAGS = "-D__MACOSX_CORE__";
			};
			name = Release;
		};
		E4B69B600A3A1757003C02F2 /* Debug */ = {
			isa = XCBuildConfiguration;
			baseConfigurationReference = E4EB6923138AFD0F00A09F29 /* Project.xcconfig */;
			buildSettings = {
				ARCHS = "$(ARCHS_STANDARD)";
				COPY_PHASE_STRIP = NO;
				DEFINES_MODULE = YES;
				FRAMEWORK_SEARCH_PATHS = "$(inherited)";
				GCC_DYNAMIC_NO_PIC = NO;
				HEADER_SEARCH_PATHS = (
					"$(OF_CORE_HEADERS)",
					src,
					src,
					../src,
					../src/CAPublicUtility,
					../src/TPCircularBuffer,
				);
				LIBRARY_SEARCH_PATHS = "$(inherited)";
				OTHER_LDFLAGS = (
					"$(OF_CORE_LIBS)",
					"$(OF_CORE_FRAMEWORKS)",
					"$(LIB_OF_DEBUG)",
				);
			};
			name = Debug;
		};
		E4B69B610A3A1757003C02F2 /* Release */ = {
			isa = XCBuildConfiguration;
			baseConfigurationReference = E4EB6923138AFD0F00A09F29 /* Project.xcconfig */;
			buildSettings = {
				ARCHS = "$(ARCHS_STANDARD)";
				COPY_PHASE_STRIP = YES;
				DEFINES_MODULE = YES;
				FRAMEWORK_SEARCH_PATHS = "$(inherited)";
				HEADER_SEARCH_PATHS = (
					"$(OF_CORE_HEADERS)",
					src,
					src,
					../src,
					../src/CAPublicUtility,
					../src/TPCircularBuffer,
				);
				LIBRARY_SEARCH_PATHS = "$(inherited)";
				ONLY_ACTIVE_ARCH = YES;
				OTHER_LDFLAGS = (
					"$(OF_CORE_LIBS)",
					"$(OF_CORE_FRAMEWORKS)",
					"$(LIB_OF)",
				);
				baseConfigurationReference = E4EB6923138AFD0F00A09F29;
			};
			name = Release;
		};
/* End XCBuildConfiguration section */

/* Begin XCConfigurationList section */
		E4B69B4D0A3A1720003C02F2 /* Build configuration list for PBXProject "example-1-hello" */ = {
			isa = XCConfigurationList;
			buildConfigurations = (
				E4B69B4E0A3A1720003C02F2 /* Debug */,
				E4B69B4F0A3A1720003C02F2 /* Release */,
			);
			defaultConfigurationIsVisible = 0;
			defaultConfigurationName = Release;
		};
		E4B69B5F0A3A1757003C02F2 /* Build configuration list for PBXNativeTarget "example-1-hello" */ = {
			isa = XCConfigurationList;
			buildConfigurations = (
				E4B69B600A3A1757003C02F2 /* Debug */,
				E4B69B610A3A1757003C02F2 /* Release */,
			);
			defaultConfigurationIsVisible = 0;
			defaultConfigurationName = Release;
		};
/* End XCConfigurationList section */
	};
	rootObject = E4B69B4C0A3A1720003C02F2 /* Project object */;
}
