{
	"_OFProjectGeneratorVersion": "0.82.0",
	"archiveVersion": "1",
	"classes": {},
	"objectVersion": "70",
	"objects": {
		"016CE839-38BC-45B7-9C0D-1CE0CDDA122E": {
			"fileRef": "9272200F-0E5E-4EEA-9F21-9BB78EAA90B8",
			"isa": "PBXBuildFile"
		},
		"037A58C72CD6B54100CF8AC1": {
			"explicitFileTypes": {},
			"explicitFolders": [],
			"isa": "PBXFileSystemSynchronizedRootGroup",
			"path": "src",
			"sourceTree": "SOURCE_ROOT"
		},
		"0AAD0614-9259-49C2-927D-3B92B9FB734B": {
			"fileEncoding": "4",
			"isa": "PBXFileReference",
			"lastKnownFileType": "sourcecode.cpp.h",
			"name": "TPCircularBuffer.h",
			"sourceTree": "<group>"
		},
		"0D81931B-761D-45B5-A331-45926EC0A159": {
			"fileEncoding": "4",
			"isa": "PBXFileReference",
			"lastKnownFileType": "sourcecode.cpp.h",
			"name": "ofxAudioUnitUtils.h",
			"sourceTree": "<group>"
		},
		"0F4633F3-DB5A-4AA0-A375-4A96D77E6970": {
			"fileRef": "734D29B4-18D1-47BD-9A21-073BC862F8F1",
			"isa": "PBXBuildFile"
		},
		"0FE202B9-9D5E-49CF-8346-49184C3CBAA0": {
			"fileRef": "CDED4BBE-73F9-4882-9A7A-58E69EFC2018",
			"isa": "PBXBuildFile"
		},
		"1128B9EB-0F38-40F9-9B4B-E5933A24707C": {
			"fileRef": "DAB73003-563B-4F5F-93A8-CAF156E26C75",
			"isa": "PBXBuildFile"
		},
		"191CD6FA2847E21E0085CBB6": {
			"fileEncoding": "4",
			"isa": "PBXFileReference",
			"lastKnownFileType": "text.plist.entitlements",
			"path": "of.entitlements",
			"sourceTree": "<group>"
		},
		"191EF70929D778A400F35F26": {
			"isa": "PBXFileReference",
			"lastKnownFileType": "folder",
			"name": "openFrameworks",
			"path": "../../../libs/openFrameworks",
			"sourceTree": "SOURCE_ROOT"
		},
		"19B789C429E5AB4A0082E9B8": {
			"alwaysOutOfDate": "1",
			"buildActionMask": "2147483647",
			"files": [],
			"inputFileListPaths": [],
			"inputPaths": [],
			"isa": "PBXShellScriptBuildPhase",
			"outputFileListPaths": [],
			"outputPaths": [],
			"runOnlyForDeploymentPostprocessing": "0",
			"shellPath": "/bin/sh",
			"shellScript": "\"$OF_PATH/scripts/osx/xcode_project.sh\"\n",
			"showEnvVarsInLog": "0"
		},
		"1D60588F0D05DD3D006BFB54": {
			"files": [
				"991F53F1-E57A-462E-960F-07FAAC16ECD4",
				"DA7A72D0-6C5B-41B3-98DC-FC6FDD616BDC",
				"8EF39658-0AEB-4187-B0EE-ECB4E2477812"
			]
		},
		"1EDF3C63-03F1-4E65-A8A9-779FD910B381": {
			"fileRef": "70676C23-D51D-44DF-A519-561219EBBEAC",
			"isa": "PBXBuildFile"
		},
		"273F0D3B-81A6-45A5-9809-4A0F7B7296ED": {
			"fileRef": "57C7852B-25A6-468D-9E9F-D479E188797A",
			"isa": "PBXBuildFile"
		},
		"2A9E748C-370A-4D41-A868-DA45037CCBB4": {
			"fileEncoding": "4",
			"isa": "PBXFileReference",
			"lastKnownFileType": "sourcecode.cpp.cpp",
			"name": "ofxAudioUnitNetSend.cpp",
			"sourceTree": "<group>"
		},
		"2AEF357A-40D9-4EDD-934E-E8E10BE9D295": {
			"fileEncoding": "4",
			"isa": "PBXFileReference",
			"lastKnownFileType": "sourcecode.cpp.h",
			"name": "ofxAudioUnitFftNode.h",
			"sourceTree": "<group>"
		},
		"2BD584C2-E933-4FB1-B060-B6311BFE4B09": {
			"fileEncoding": "4",
			"isa": "PBXFileReference",
			"lastKnownFileType": "sourcecode.cpp.h",
			"name": "CADebugMacros.h",
			"sourceTree": "<group>"
		},
		"310C084A-0BEB-4239-834C-3A8D1184CBC9": {
			"fileRef": "FEEA8F02-0C2E-4021-A3D5-E160E4F6437D",
			"isa": "PBXBuildFile"
		},
		"334D4745-8FEE-415A-927E-5C254E86F669": {
			"fileEncoding": "4",
			"isa": "PBXFileReference",
			"lastKnownFileType": "folder",
			"name": "data",
			"path": "bin/data",
			"sourceTree": "SOURCE_ROOT"
		},
		"338908ED-9449-4450-8B42-750CA176167E": {
			"fileRef": "8BC01C71-3FDB-4123-BB1B-3A20F94BBC44",
			"isa": "PBXBuildFile"
		},
		"386CDBC9-4569-43F3-ABE0-A8CE6524A709": {
			"fileEncoding": "4",
			"isa": "PBXFileReference",
			"lastKnownFileType": "sourcecode.cpp.h",
			"name": "CAAUParameter.h",
			"sourceTree": "<group>"
		},
		"3E9C4E60-8DA8-4262-8EE7-03468A1E10AE": {
			"children": [
				"5B75EF77-6DBC-4C56-A85F-2094D12BA6DB",
				"0AAD0614-9259-49C2-927D-3B92B9FB734B"
			],
			"isa": "PBXGroup",
			"name": "TPCircularBuffer",
			"path": "TPCircularBuffer",
			"sourceTree": "<group>"
		},
		"3F1DB8BD-F185-4697-B404-C4F2C38723DD": {
			"fileEncoding": "4",
			"isa": "PBXFileReference",
			"lastKnownFileType": "sourcecode.cpp.h",
			"name": "ofxAudioUnitRecorder.h",
			"sourceTree": "<group>"
		},
		"40E88CD8-C16F-4BC0-AA1B-6E117516F461": {
			"fileEncoding": "4",
			"isa": "PBXFileReference",
			"lastKnownFileType": "sourcecode.cpp.h",
			"name": "ofxAudioUnitHardwareUtils.h",
			"sourceTree": "<group>"
		},
		"41F2C2A8-B111-460E-827D-43EA2F24C864": {
			"fileRef": "D73492E1-598B-47E2-A6C7-35D7DB197406",
			"isa": "PBXBuildFile"
		},
		"4257B976-016B-46BB-B028-670E3F7A7B25": {
			"fileEncoding": "4",
			"isa": "PBXFileReference",
			"lastKnownFileType": "wrapper.framework",
			"name": "CoreMIDI.framework",
			"path": "System/Library/Frameworks/CoreMIDI.framework",
			"sourceTree": "SDKROOT"
		},
		"45603132-C4FA-4C50-AF1F-23875C23C922": {
			"fileRef": "DBA90895-A95C-4606-A998-3207354C65A2",
			"isa": "PBXBuildFile"
		},
		"4898AF59-D3B2-4C52-A49F-9BF1903C3132": {
			"fileEncoding": "4",
			"isa": "PBXFileReference",
			"lastKnownFileType": "sourcecode.cpp.h",
			"name": "ofxAudioUnitMixer.h",
			"sourceTree": "<group>"
		},
		"50BE460A-0FE2-415D-909A-2EDF3ABA9301": {
			"fileRef": "BC241BD9-7583-484C-A73B-F4B11B661772",
			"isa": "PBXBuildFile"
		},
		"5290A0B6-7864-444A-AC3A-F251EAF69215": {
			"fileEncoding": "4",
			"isa": "PBXFileReference",
			"lastKnownFileType": "sourcecode.cpp.h",
			"name": "ofxAudioUnitSampler.h",
			"sourceTree": "<group>"
		},
		"536378A1-B4B6-44B8-A3FC-D8FB56426C38": {
			"fileEncoding": "4",
			"isa": "PBXFileReference",
			"lastKnownFileType": "sourcecode.cpp.cpp",
			"name": "AUParamInfo.cpp",
			"sourceTree": "<group>"
		},
		"56CE6F01-0DC9-46CA-999A-7AA341FDFE0C": {
			"fileRef": "F7BADC91-044F-4B57-9675-C224E7BE5812",
			"isa": "PBXBuildFile"
		},
		"57C7852B-25A6-468D-9E9F-D479E188797A": {
			"fileEncoding": "4",
			"isa": "PBXFileReference",
			"lastKnownFileType": "sourcecode.cpp.cpp",
			"name": "ofxAudioUnitTap.cpp",
			"sourceTree": "<group>"
		},
		"57F80169-8506-43A8-81B0-F3CBED30A02C": {
			"fileEncoding": "4",
			"isa": "PBXFileReference",
			"lastKnownFileType": "sourcecode.cpp.h",
			"name": "ofxAudioUnitFilePlayer.h",
			"sourceTree": "<group>"
		},
		"5B75EF77-6DBC-4C56-A85F-2094D12BA6DB": {
			"fileEncoding": "4",
			"isa": "PBXFileReference",
			"lastKnownFileType": "sourcecode.cpp.c",
			"name": "TPCircularBuffer.c",
			"sourceTree": "<group>"
		},
		"5C4F47CD-8F4E-46F1-A7A9-22B5B70C3669": {
			"fileEncoding": "4",
			"isa": "PBXFileReference",
			"lastKnownFileType": "sourcecode.cpp.h",
			"name": "ofxAudioUnitNetReceive.h",
			"sourceTree": "<group>"
		},
		"5E2B85C4-F81C-4B57-8BC8-586B6A7207EF": {
			"fileRef": "A1349D0A-15A4-472F-870D-5DA936EA0B78",
			"isa": "PBXBuildFile"
		},
		"60839125-A596-494C-AFD9-24AFCCEA8FF6": {
			"fileEncoding": "4",
			"isa": "PBXFileReference",
			"lastKnownFileType": "sourcecode.cpp.h",
			"name": "ofxAudioUnitNetSend.h",
			"sourceTree": "<group>"
		},
		"6B759FFD-88AB-4C79-A414-9CA7C28E979D": {
			"fileRef": "5B75EF77-6DBC-4C56-A85F-2094D12BA6DB",
			"isa": "PBXBuildFile"
		},
		"6D2ECE0D-DD2B-4F42-BE61-022EDBC36996": {
			"fileEncoding": "4",
			"isa": "PBXFileReference",
			"lastKnownFileType": "sourcecode.cpp.h",
			"name": "ofxAudioUnitSpeechSynth.h",
			"sourceTree": "<group>"
		},
		"701AA31A-1E20-43B9-A0B2-AF2D62BDB9EF": {
			"fileRef": "B20689F4-680D-4B86-99A8-5F717D53DFBC",
			"isa": "PBXBuildFile"
		},
		"70676C23-D51D-44DF-A519-561219EBBEAC": {
			"fileEncoding": "4",
			"isa": "PBXFileReference",
			"lastKnownFileType": "sourcecode.cpp.cpp",
			"name": "ofxAudioUnitMidi.cpp",
			"sourceTree": "<group>"
		},
		"70B62A0F-C5CF-43FC-9B9E-ACA476CA10CC": {
			"fileRef": "4257B976-016B-46BB-B028-670E3F7A7B25",
			"isa": "PBXBuildFile"
		},
		"71C09925-DEC7-4EB9-B1BA-BD988B9BF634": {
			"fileRef": "2A9E748C-370A-4D41-A868-DA45037CCBB4",
			"isa": "PBXBuildFile"
		},
		"734D29B4-18D1-47BD-9A21-073BC862F8F1": {
			"fileEncoding": "4",
			"isa": "PBXFileReference",
			"lastKnownFileType": "sourcecode.cpp.cpp",
			"name": "ofxAudioUnitMatrixMixer.cpp",
			"sourceTree": "<group>"
		},
		"73784EE1-F112-4B82-9777-E610FDD8974C": {
			"children": [
				"79F7EF66-69DC-4355-8F3C-69C3C0F86123"
			],
			"isa": "PBXGroup",
			"name": "ofxAudioUnit",
			"path": "ofxAudioUnit",
			"sourceTree": "<group>"
		},
		"75592B66-6B66-4317-9860-78DEE35DA311": {
			"children": [
				"4257B976-016B-46BB-B028-670E3F7A7B25",
				"DBA90895-A95C-4606-A998-3207354C65A2",
				"A1349D0A-15A4-472F-870D-5DA936EA0B78"
			],
			"isa": "PBXGroup",
			"name": "Frameworks",
			"path": "",
			"sourceTree": "SOURCE_ROOT"
		},
		"79F7EF66-69DC-4355-8F3C-69C3C0F86123": {
			"children": [
				"9DD41584-23FC-4D3D-87A6-294AC7ECFAFD",
				"3E9C4E60-8DA8-4262-8EE7-03468A1E10AE",
				"895581DF-3A07-472E-A326-1E7FA9F8ECDC",
				"8E9230F0-2317-498D-9E4A-A1B7B869FB73",
				"D29ABD9A-A537-43CC-960C-8426DF3C3D70",
				"EEB83DA0-87D4-4433-A3CA-7260EBD2F581",
				"CDED4BBE-73F9-4882-9A7A-58E69EFC2018",
				"C554B3EF-EC76-433B-B2DB-87AB823B3172",
				"8712A7FC-32BF-4A16-B668-0C8492FFDAE1",
				"2AEF357A-40D9-4EDD-934E-E8E10BE9D295",
				"9272200F-0E5E-4EEA-9F21-9BB78EAA90B8",
				"57F80169-8506-43A8-81B0-F3CBED30A02C",
				"D73492E1-598B-47E2-A6C7-35D7DB197406",
				"40E88CD8-C16F-4BC0-AA1B-6E117516F461",
				"8110D06A-BAC5-4665-81A2-B86168B42E4F",
				"92834F81-2D4A-4800-B70C-CDD27664780A",
				"734D29B4-18D1-47BD-9A21-073BC862F8F1",
				"ABAB88D9-55B6-4DE9-A025-8C504B0A79F8",
				"70676C23-D51D-44DF-A519-561219EBBEAC",
				"8ED1AF2E-BB9E-4CB9-8865-7A42D286B908",
				"F7BADC91-044F-4B57-9675-C224E7BE5812",
				"4898AF59-D3B2-4C52-A49F-9BF1903C3132",
				"BC241BD9-7583-484C-A73B-F4B11B661772",
				"5C4F47CD-8F4E-46F1-A7A9-22B5B70C3669",
				"2A9E748C-370A-4D41-A868-DA45037CCBB4",
				"60839125-A596-494C-AFD9-24AFCCEA8FF6",
				"FEEA8F02-0C2E-4021-A3D5-E160E4F6437D",
				"A51D4782-A6DC-4FF1-B189-DF3E5E922B05",
				"B20689F4-680D-4B86-99A8-5F717D53DFBC",
				"3F1DB8BD-F185-4697-B404-C4F2C38723DD",
				"DAB73003-563B-4F5F-93A8-CAF156E26C75",
				"5290A0B6-7864-444A-AC3A-F251EAF69215",
				"8BC01C71-3FDB-4123-BB1B-3A20F94BBC44",
				"6D2ECE0D-DD2B-4F42-BE61-022EDBC36996",
				"57C7852B-25A6-468D-9E9F-D479E188797A",
				"DC1F6046-C7C3-416E-B173-B9B14A1081ED",
				"0D81931B-761D-45B5-A331-45926EC0A159"
			],
			"isa": "PBXGroup",
			"name": "src",
			"path": "src",
			"sourceTree": "<group>"
		},
		"8110D06A-BAC5-4665-81A2-B86168B42E4F": {
			"fileEncoding": "4",
			"isa": "PBXFileReference",
			"lastKnownFileType": "sourcecode.cpp.cpp",
			"name": "ofxAudioUnitInput.cpp",
			"sourceTree": "<group>"
		},
		"8712A7FC-32BF-4A16-B668-0C8492FFDAE1": {
			"fileEncoding": "4",
			"isa": "PBXFileReference",
			"lastKnownFileType": "sourcecode.cpp.cpp",
			"name": "ofxAudioUnitFftNode.cpp",
			"sourceTree": "<group>"
		},
		"89196216-FF9B-49AD-B20E-0EAA039308AB": {
			"fileEncoding": "4",
			"isa": "PBXFileReference",
			"lastKnownFileType": "sourcecode.cpp.cpp",
			"name": "CADebugMacros.cpp",
			"sourceTree": "<group>"
		},
		"895581DF-3A07-472E-A326-1E7FA9F8ECDC": {
			"fileEncoding": "4",
			"isa": "PBXFileReference",
			"lastKnownFileType": "sourcecode.cpp.cpp",
			"name": "ofxAudioUnit.cpp",
			"sourceTree": "<group>"
		},
		"8BC01C71-3FDB-4123-BB1B-3A20F94BBC44": {
			"fileEncoding": "4",
			"isa": "PBXFileReference",
			"lastKnownFileType": "sourcecode.cpp.cpp",
			"name": "ofxAudioUnitSpeechSynth.cpp",
			"sourceTree": "<group>"
		},
		"8C233C68-03D9-46A1-880C-F15CFF1223BD": {
			"fileEncoding": "4",
			"isa": "PBXFileReference",
			"lastKnownFileType": "sourcecode.cpp.h",
			"name": "AUParamInfo.h",
			"sourceTree": "<group>"
		},
		"8CC6D2B5-6F41-4D55-8E1B-15F30137537A": {
			"fileRef": "D7B258BF-B62A-4606-9AB3-6436BD95AC70",
			"isa": "PBXBuildFile"
		},
		"8E9230F0-2317-498D-9E4A-A1B7B869FB73": {
			"fileEncoding": "4",
			"isa": "PBXFileReference",
			"lastKnownFileType": "sourcecode.cpp.h",
			"name": "ofxAudioUnit.h",
			"sourceTree": "<group>"
		},
		"8ED1AF2E-BB9E-4CB9-8865-7A42D286B908": {
			"fileEncoding": "4",
			"isa": "PBXFileReference",
			"lastKnownFileType": "sourcecode.cpp.h",
			"name": "ofxAudioUnitMidi.h",
			"sourceTree": "<group>"
		},
		"901808C02053638E004A7774": {
			"children": [
				"4257B976-016B-46BB-B028-670E3F7A7B25",
				"DBA90895-A95C-4606-A998-3207354C65A2",
				"A1349D0A-15A4-472F-870D-5DA936EA0B78"
			]
		},
		"9272200F-0E5E-4EEA-9F21-9BB78EAA90B8": {
			"fileEncoding": "4",
			"isa": "PBXFileReference",
			"lastKnownFileType": "sourcecode.cpp.cpp",
			"name": "ofxAudioUnitFilePlayer.cpp",
			"sourceTree": "<group>"
		},
		"92834F81-2D4A-4800-B70C-CDD27664780A": {
			"fileEncoding": "4",
			"isa": "PBXFileReference",
			"lastKnownFileType": "sourcecode.cpp.h",
			"name": "ofxAudioUnitInput.h",
			"sourceTree": "<group>"
		},
		"9DD41584-23FC-4D3D-87A6-294AC7ECFAFD": {
			"children": [
				"536378A1-B4B6-44B8-A3FC-D8FB56426C38",
				"8C233C68-03D9-46A1-880C-F15CFF1223BD",
				"D7B258BF-B62A-4606-9AB3-6436BD95AC70",
				"386CDBC9-4569-43F3-ABE0-A8CE6524A709",
				"89196216-FF9B-49AD-B20E-0EAA039308AB",
				"2BD584C2-E933-4FB1-B060-B6311BFE4B09",
				"E26C5F9A-02F6-4BFA-97A2-42C08D3590C7"
			],
			"isa": "PBXGroup",
			"name": "CAPublicUtility",
			"path": "CAPublicUtility",
			"sourceTree": "<group>"
		},
		"A1349D0A-15A4-472F-870D-5DA936EA0B78": {
			"fileEncoding": "4",
			"isa": "PBXFileReference",
			"lastKnownFileType": "wrapper.framework",
			"name": "AudioUnit.framework",
			"path": "System/Library/Frameworks/AudioUnit.framework",
			"sourceTree": "SDKROOT"
		},
		"A51D4782-A6DC-4FF1-B189-DF3E5E922B05": {
			"fileEncoding": "4",
			"isa": "PBXFileReference",
			"lastKnownFileType": "sourcecode.cpp.h",
			"name": "ofxAudioUnitOutput.h",
			"sourceTree": "<group>"
		},
		"A7162F8B-034D-4318-9C68-C57260E7A234": {
			"fileRef": "EEB83DA0-87D4-4433-A3CA-7260EBD2F581",
			"isa": "PBXBuildFile"
		},
		"ABAB88D9-55B6-4DE9-A025-8C504B0A79F8": {
			"fileEncoding": "4",
			"isa": "PBXFileReference",
			"lastKnownFileType": "sourcecode.cpp.h",
			"name": "ofxAudioUnitMatrixMixer.h",
			"sourceTree": "<group>"
		},
		"ACB7743B-75DF-4163-BFDB-EA6BB0E4790F": {
			"fileRef": "89196216-FF9B-49AD-B20E-0EAA039308AB",
			"isa": "PBXBuildFile"
		},
		"ADEB3D72-8B14-4159-8EF7-80C48F11477C": {
			"fileRef": "536378A1-B4B6-44B8-A3FC-D8FB56426C38",
			"isa": "PBXBuildFile"
		},
		"B20689F4-680D-4B86-99A8-5F717D53DFBC": {
			"fileEncoding": "4",
			"isa": "PBXFileReference",
			"lastKnownFileType": "sourcecode.cpp.cpp",
			"name": "ofxAudioUnitRecorder.cpp",
			"sourceTree": "<group>"
		},
		"B91DC31A-1299-4BB0-A3D3-CBE4C6C643C4": {
			"fileRef": "8712A7FC-32BF-4A16-B668-0C8492FFDAE1",
			"isa": "PBXBuildFile"
		},
		"BB4B014C10F69532006C3DED": {
			"children": [
				"73784EE1-F112-4B82-9777-E610FDD8974C"
			],
			"isa": "PBXGroup",
			"name": "addons",
			"path": "../../../addons",
			"sourceTree": "SOURCE_ROOT"
		},
		"BC241BD9-7583-484C-A73B-F4B11B661772": {
			"fileEncoding": "4",
			"isa": "PBXFileReference",
			"lastKnownFileType": "sourcecode.cpp.cpp",
			"name": "ofxAudioUnitNetReceive.cpp",
			"sourceTree": "<group>"
		},
		"BF26640B2C634C16004360E2": {
			"alwaysOutOfDate": "1",
			"buildActionMask": "2147483647",
			"files": [],
			"inputFileListPaths": [],
			"inputPaths": [],
			"isa": "PBXShellScriptBuildPhase",
			"outputFileListPaths": [],
			"outputPaths": [],
			"runOnlyForDeploymentPostprocessing": "0",
			"shellPath": "/usr/bin/env bash",
			"shellScript": "#!/usr/bin/env bash\nif [ ! -d \"${OF_PATH}/libs/freetype/lib/macos/freetype.xcframework\" ]; then\n\techo \"openFrameworks has missing xcFrameworks for osx. Downloading libaries now via scripts/osx/download_libs.sh\"\n    ${OF_PATH}/scripts/osx/download_libs.sh\nelse\n\techo \"xcFrameworks found\"\nfi\n",
			"showEnvVarsInLog": "0"
		},
		"C554B3EF-EC76-433B-B2DB-87AB823B3172": {
			"fileEncoding": "4",
			"isa": "PBXFileReference",
			"lastKnownFileType": "sourcecode.cpp.h",
			"name": "ofxAudioUnitDSPNode.h",
			"sourceTree": "<group>"
		},
		"CDED4BBE-73F9-4882-9A7A-58E69EFC2018": {
			"fileEncoding": "4",
			"isa": "PBXFileReference",
			"lastKnownFileType": "sourcecode.cpp.cpp",
			"name": "ofxAudioUnitDSPNode.cpp",
			"sourceTree": "<group>"
		},
		"D29ABD9A-A537-43CC-960C-8426DF3C3D70": {
			"fileEncoding": "4",
			"isa": "PBXFileReference",
			"lastKnownFileType": "sourcecode.cpp.h",
			"name": "ofxAudioUnitBase.h",
			"sourceTree": "<group>"
		},
		"D73492E1-598B-47E2-A6C7-35D7DB197406": {
			"fileEncoding": "4",
			"isa": "PBXFileReference",
			"lastKnownFileType": "sourcecode.cpp.cpp",
			"name": "ofxAudioUnitHardwareUtils.cpp",
			"sourceTree": "<group>"
		},
		"D7B258BF-B62A-4606-9AB3-6436BD95AC70": {
			"fileEncoding": "4",
			"isa": "PBXFileReference",
			"lastKnownFileType": "sourcecode.cpp.cpp",
			"name": "CAAUParameter.cpp",
			"sourceTree": "<group>"
		},
		"DAB73003-563B-4F5F-93A8-CAF156E26C75": {
			"fileEncoding": "4",
			"isa": "PBXFileReference",
			"lastKnownFileType": "sourcecode.cpp.cpp",
			"name": "ofxAudioUnitSampler.cpp",
			"sourceTree": "<group>"
		},
		"DBA90895-A95C-4606-A998-3207354C65A2": {
			"fileEncoding": "4",
			"isa": "PBXFileReference",
			"lastKnownFileType": "wrapper.framework",
			"name": "CoreAudioKit.framework",
			"path": "System/Library/Frameworks/CoreAudioKit.framework",
			"sourceTree": "SDKROOT"
		},
		"DC1F6046-C7C3-416E-B173-B9B14A1081ED": {
			"fileEncoding": "4",
			"isa": "PBXFileReference",
			"lastKnownFileType": "sourcecode.cpp.h",
			"name": "ofxAudioUnitTap.h",
			"sourceTree": "<group>"
		},
		"E26C5F9A-02F6-4BFA-97A2-42C08D3590C7": {
			"fileEncoding": "4",
			"isa": "PBXFileReference",
			"lastKnownFileType": "sourcecode.cpp.h",
			"name": "CAXException.h",
			"sourceTree": "<group>"
		},
		"E2BA3593-5D58-4D08-A874-4EA524ED004D": {
			"fileRef": "8110D06A-BAC5-4665-81A2-B86168B42E4F",
			"isa": "PBXBuildFile"
		},
		"E42962A92163ECCD00A6A9E2": {
			"alwaysOutOfDate": "1",
			"buildActionMask": "2147483647",
			"files": [],
			"inputPaths": [],
			"isa": "PBXShellScriptBuildPhase",
			"name": "Run Script — Compile OF",
			"outputPaths": [],
			"runOnlyForDeploymentPostprocessing": "0",
			"shellPath": "/bin/sh",
			"shellScript": "$OF_CORE_BUILD_COMMAND\n",
			"showEnvVarsInLog": "0"
		},
		"E4A5B60F29BAAAE400C2D356": {
			"buildActionMask": "2147483647",
			"dstPath": "",
			"dstSubfolderSpec": "6",
			"files": [],
			"isa": "PBXCopyFilesBuildPhase",
			"runOnlyForDeploymentPostprocessing": "0"
		},
		"E4B69B4A0A3A1720003C02F2": {
			"children": [
				"037A58C72CD6B54100CF8AC1",
				"191CD6FA2847E21E0085CBB6",
				"E4B6FCAD0C3E899E008CF71C",
				"E4EB6923138AFD0F00A09F29",
				"191EF70929D778A400F35F26",
				"BB4B014C10F69532006C3DED",
				"E4B69B5B0A3A1756003C02F2",
				"75592B66-6B66-4317-9860-78DEE35DA311",
				"334D4745-8FEE-415A-927E-5C254E86F669"
			],
			"isa": "PBXGroup",
			"sourceTree": "<group>"
		},
		"E4B69B4C0A3A1720003C02F2": {
			"attributes": {
				"BuildIndependentTargetsInParallel": "YES",
				"LastUpgradeCheck": "1540"
			},
			"buildConfigurationList": "E4B69B4D0A3A1720003C02F2",
			"compatibilityVersion": "Xcode 3.2",
			"developmentRegion": "en",
			"hasScannedForEncodings": "0",
			"isa": "PBXProject",
			"knownRegions": [
				"en",
				"Base"
			],
			"mainGroup": "E4B69B4A0A3A1720003C02F2",
			"productRefGroup": "E4B69B4A0A3A1720003C02F2",
			"projectDirPath": "",
			"projectRoot": "",
			"targets": [
				"E4B69B5A0A3A1756003C02F2"
			]
		},
		"E4B69B4D0A3A1720003C02F2": {
			"buildConfigurations": [
				"E4B69B4E0A3A1720003C02F2",
				"E4B69B4F0A3A1720003C02F2"
			],
			"defaultConfigurationIsVisible": "0",
			"defaultConfigurationName": "Release",
			"isa": "XCConfigurationList"
		},
		"E4B69B4E0A3A1720003C02F2": {
			"baseConfigurationReference": "E4EB6923138AFD0F00A09F29",
			"buildSettings": {
				"CODE_SIGN_ENTITLEMENTS": "of.entitlements",
				"COPY_PHASE_STRIP": "NO",
				"ENABLE_TESTABILITY": "YES",
				"GCC_OPTIMIZATION_LEVEL": "0",
				"GCC_WARN_UNUSED_VARIABLE": "NO",
				"HEADER_SEARCH_PATHS": [
					"$(OF_CORE_HEADERS)",
					"src"
				],
				"OTHER_CPLUSPLUSFLAGS": "-D__MACOSX_CORE__"
			},
			"isa": "XCBuildConfiguration",
			"name": "Debug"
		},
		"E4B69B4F0A3A1720003C02F2": {
			"baseConfigurationReference": "E4EB6923138AFD0F00A09F29",
			"buildSettings": {
				"CODE_SIGN_ENTITLEMENTS": "of.entitlements",
				"COPY_PHASE_STRIP": "YES",
				"GCC_OPTIMIZATION_LEVEL": "3",
				"GCC_UNROLL_LOOPS": "YES",
				"HEADER_SEARCH_PATHS": [
					"$(OF_CORE_HEADERS)",
					"src"
				],
				"ONLY_ACTIVE_ARCH": "YES",
				"OTHER_CPLUSPLUSFLAGS": "-D__MACOSX_CORE__"
			},
			"isa": "XCBuildConfiguration",
			"name": "Release"
		},
		"E4B69B580A3A1756003C02F2": {
			"buildActionMask": "2147483647",
			"files": [
				"ADEB3D72-8B14-4159-8EF7-80C48F11477C",
				"8CC6D2B5-6F41-4D55-8E1B-15F30137537A",
				"ACB7743B-75DF-4163-BFDB-EA6BB0E4790F",
				"6B759FFD-88AB-4C79-A414-9CA7C28E979D",
				"E8E5416B-2213-4330-A606-5128EBB6B4DA",
				"A7162F8B-034D-4318-9C68-C57260E7A234",
				"0FE202B9-9D5E-49CF-8346-49184C3CBAA0",
				"B91DC31A-1299-4BB0-A3D3-CBE4C6C643C4",
				"016CE839-38BC-45B7-9C0D-1CE0CDDA122E",
				"41F2C2A8-B111-460E-827D-43EA2F24C864",
				"E2BA3593-5D58-4D08-A874-4EA524ED004D",
				"0F4633F3-DB5A-4AA0-A375-4A96D77E6970",
				"1EDF3C63-03F1-4E65-A8A9-779FD910B381",
				"56CE6F01-0DC9-46CA-999A-7AA341FDFE0C",
				"50BE460A-0FE2-415D-909A-2EDF3ABA9301",
				"71C09925-DEC7-4EB9-B1BA-BD988B9BF634",
				"310C084A-0BEB-4239-834C-3A8D1184CBC9",
				"701AA31A-1E20-43B9-A0B2-AF2D62BDB9EF",
				"1128B9EB-0F38-40F9-9B4B-E5933A24707C",
				"338908ED-9449-4450-8B42-750CA176167E",
				"273F0D3B-81A6-45A5-9809-4A0F7B7296ED"
			],
			"isa": "PBXSourcesBuildPhase",
			"runOnlyForDeploymentPostprocessing": "0"
		},
		"E4B69B590A3A1756003C02F2": {
			"buildActionMask": "2147483647",
			"files": [
				"70B62A0F-C5CF-43FC-9B9E-ACA476CA10CC",
				"45603132-C4FA-4C50-AF1F-23875C23C922",
				"5E2B85C4-F81C-4B57-8BC8-586B6A7207EF"
			],
			"isa": "PBXFrameworksBuildPhase",
			"runOnlyForDeploymentPostprocessing": "0"
		},
		"E4B69B5A0A3A1756003C02F2": {
			"buildConfigurationList": "E4B69B5F0A3A1757003C02F2",
			"buildPhases": [
				"BF26640B2C634C16004360E2",
				"E42962A92163ECCD00A6A9E2",
				"E4B69B580A3A1756003C02F2",
				"E4B69B590A3A1756003C02F2",
				"E4C2427710CC5ABF004149E2",
				"E4A5B60F29BAAAE400C2D356",
				"19B789C429E5AB4A0082E9B8"
			],
			"buildRules": [],
			"dependencies": [],
			"fileSystemSynchronizedGroups": [
				"037A58C72CD6B54100CF8AC1"
			],
			"isa": "PBXNativeTarget",
			"name": "example-4-parameters",
			"productName": "myOFApp",
			"productReference": "E4B69B5B0A3A1756003C02F2",
			"productType": "com.apple.product-type.application"
		},
		"E4B69B5B0A3A1756003C02F2": {
			"explicitFileType": "wrapper.application",
			"includeInIndex": "0",
			"isa": "PBXFileReference",
			"path": "example-4-parametersDebug.app",
			"sourceTree": "BUILT_PRODUCTS_DIR"
		},
		"E4B69B5F0A3A1757003C02F2": {
			"buildConfigurations": [
				"E4B69B600A3A1757003C02F2",
				"E4B69B610A3A1757003C02F2"
			],
			"defaultConfigurationIsVisible": "0",
			"defaultConfigurationName": "Release",
			"isa": "XCConfigurationList"
		},
		"E4B69B600A3A1757003C02F2": {
			"baseConfigurationReference": "E4EB6923138AFD0F00A09F29",
			"buildSettings": {
				"ARCHS": "$(ARCHS_STANDARD)",
				"COPY_PHASE_STRIP": "NO",
				"DEFINES_MODULE": "YES",
				"FRAMEWORK_SEARCH_PATHS": "$(inherited)",
				"GCC_DYNAMIC_NO_PIC": "NO",
				"HEADER_SEARCH_PATHS": [
					"$(OF_CORE_HEADERS)",
					"src",
					"src",
					"../src",
					"../src/CAPublicUtility",
					"../src/TPCircularBuffer"
				],
				"LIBRARY_SEARCH_PATHS": "$(inherited)",
				"OTHER_LDFLAGS": [
					"$(OF_CORE_LIBS)",
					"$(OF_CORE_FRAMEWORKS)",
					"$(LIB_OF_DEBUG)"
				]
			},
			"isa": "XCBuildConfiguration",
			"name": "Debug"
		},
		"E4B69B610A3A1757003C02F2": {
			"baseConfigurationReference": "E4EB6923138AFD0F00A09F29",
			"buildSettings": {
				"ARCHS": "$(ARCHS_STANDARD)",
				"COPY_PHASE_STRIP": "YES",
				"DEFINES_MODULE": "YES",
				"FRAMEWORK_SEARCH_PATHS": "$(inherited)",
				"HEADER_SEARCH_PATHS": [
					"$(OF_CORE_HEADERS)",
					"src",
					"src",
					"../src",
					"../src/CAPublicUtility",
					"../src/TPCircularBuffer"
				],
				"LIBRARY_SEARCH_PATHS": "$(inherited)",
				"ONLY_ACTIVE_ARCH": "YES",
				"OTHER_LDFLAGS": [
					"$(OF_CORE_LIBS)",
					"$(OF_CORE_FRAMEWORKS)",
					"$(LIB_OF)"
				],
				"baseConfigurationReference": "E4EB6923138AFD0F00A09F29"
			},
			"isa": "XCBuildConfiguration",
			"name": "Release"
		},
		"E4B6FCAD0C3E899E008CF71C": {
			"fileEncoding": "4",
			"isa": "PBXFileReference",
			"lastKnownFileType": "text.plist.xml",
			"path": "openFrameworks-Info.plist",
			"sourceTree": "<group>"
		},
		"E4C2427710CC5ABF004149E2": {
			"buildActionMask": "2147483647",
			"dstPath": "",
			"dstSubfolderSpec": "10",
			"files": [],
			"isa": "PBXCopyFilesBuildPhase",
			"runOnlyForDeploymentPostprocessing": "0"
		},
		"E4EB6923138AFD0F00A09F29": {
			"fileEncoding": "4",
			"isa": "PBXFileReference",
			"lastKnownFileType": "text.xcconfig",
			"path": "Project.xcconfig",
			"sourceTree": "<group>"
		},
		"E8E5416B-2213-4330-A606-5128EBB6B4DA": {
			"fileRef": "895581DF-3A07-472E-A326-1E7FA9F8ECDC",
			"isa": "PBXBuildFile"
		},
		"EEB83DA0-87D4-4433-A3CA-7260EBD2F581": {
			"fileEncoding": "4",
			"isa": "PBXFileReference",
			"lastKnownFileType": "sourcecode.cpp.objcpp",
			"name": "ofxAudioUnitCocoaUtilties.mm",
			"sourceTree": "<group>"
		},
		"F7BADC91-044F-4B57-9675-C224E7BE5812": {
			"fileEncoding": "4",
			"isa": "PBXFileReference",
			"lastKnownFileType": "sourcecode.cpp.cpp",
			"name": "ofxAudioUnitMixer.cpp",
			"sourceTree": "<group>"
		},
		"FEEA8F02-0C2E-4021-A3D5-E160E4F6437D": {
			"fileEncoding": "4",
			"isa": "PBXFileReference",
			"lastKnownFileType": "sourcecode.cpp.cpp",
			"name": "ofxAudioUnitOutput.cpp",
			"sourceTree": "<group>"
		}
	},
	"rootObject": "E4B69B4C0A3A1720003C02F2"
}